// !$*UTF8*$!
{
	archiveVersion = 1;
	classes = {
	};
	objectVersion = 46;
	objects = {

/* Begin PBXBuildFile section */
		5B27824A1DC9F1AD00525431 /* QuantiLogger.framework in Frameworks */ = {isa = PBXBuildFile; fileRef = 5B3641881DBFA4650034EF68 /* QuantiLogger.framework */; };
		5B2782521DC9F72A00525431 /* FileLogger.swift in Sources */ = {isa = PBXBuildFile; fileRef = 5B2782511DC9F72A00525431 /* FileLogger.swift */; };
		5B35E35E1DC0C87300C7E679 /* FileLoggerManager.swift in Sources */ = {isa = PBXBuildFile; fileRef = 5B35E35D1DC0C87300C7E679 /* FileLoggerManager.swift */; };
		5B3641971DBFA4650034EF68 /* QuantiLoggerTests.swift in Sources */ = {isa = PBXBuildFile; fileRef = 5B3641961DBFA4650034EF68 /* QuantiLoggerTests.swift */; };
		5B3641991DBFA4650034EF68 /* QuantiLogger.h in Headers */ = {isa = PBXBuildFile; fileRef = 5B36418B1DBFA4650034EF68 /* QuantiLogger.h */; settings = {ATTRIBUTES = (Public, ); }; };
		5B3641A31DBFAC810034EF68 /* Level.swift in Sources */ = {isa = PBXBuildFile; fileRef = 5B3641A21DBFAC810034EF68 /* Level.swift */; };
		5B3641A51DBFACF90034EF68 /* Loging.swift in Sources */ = {isa = PBXBuildFile; fileRef = 5B3641A41DBFACF80034EF68 /* Loging.swift */; };
		5B3641A71DBFAD5D0034EF68 /* LogManager.swift in Sources */ = {isa = PBXBuildFile; fileRef = 5B3641A61DBFAD5D0034EF68 /* LogManager.swift */; };
		5BA364591DD0C9A30017F9EB /* InternalBaseLogger.swift in Sources */ = {isa = PBXBuildFile; fileRef = 5BA364581DD0C9A30017F9EB /* InternalBaseLogger.swift */; };
		5BA3645B1DD0EC160017F9EB /* FileLoggerTableViewDatasource.swift in Sources */ = {isa = PBXBuildFile; fileRef = 5BA3645A1DD0EC160017F9EB /* FileLoggerTableViewDatasource.swift */; };
		5BA3645D1DD0EDD10017F9EB /* LogFileRecord.swift in Sources */ = {isa = PBXBuildFile; fileRef = 5BA3645C1DD0EDD10017F9EB /* LogFileRecord.swift */; };
		5BAF4F241DC8DA35000379A4 /* QuantiLoggerConstants.swift in Sources */ = {isa = PBXBuildFile; fileRef = 5BAF4F231DC8DA35000379A4 /* QuantiLoggerConstants.swift */; };
		5BC5351C1DD4A4BE00E64CED /* MainTabBarController.swift in Sources */ = {isa = PBXBuildFile; fileRef = 5BC5351B1DD4A4BE00E64CED /* MainTabBarController.swift */; };
		5BC5351E1DD4A51200E64CED /* SendLogFilesViaMailViewController.swift in Sources */ = {isa = PBXBuildFile; fileRef = 5BC5351D1DD4A51200E64CED /* SendLogFilesViaMailViewController.swift */; };
		5BD5D7B31DD34EFE003AF2A7 /* AppDelegate.swift in Sources */ = {isa = PBXBuildFile; fileRef = 5BD5D7B21DD34EFE003AF2A7 /* AppDelegate.swift */; };
		5BD5D7B51DD34EFE003AF2A7 /* LogListTableViewController.swift in Sources */ = {isa = PBXBuildFile; fileRef = 5BD5D7B41DD34EFE003AF2A7 /* LogListTableViewController.swift */; };
		5BD5D7BA1DD34EFE003AF2A7 /* Assets.xcassets in Resources */ = {isa = PBXBuildFile; fileRef = 5BD5D7B91DD34EFE003AF2A7 /* Assets.xcassets */; };
		5BD5D7C81DD34EFE003AF2A7 /* TableViewDatasourceTestTests.swift in Sources */ = {isa = PBXBuildFile; fileRef = 5BD5D7C71DD34EFE003AF2A7 /* TableViewDatasourceTestTests.swift */; };
		5BD5D7D31DD34EFE003AF2A7 /* TableViewDatasourceTestUITests.swift in Sources */ = {isa = PBXBuildFile; fileRef = 5BD5D7D21DD34EFE003AF2A7 /* TableViewDatasourceTestUITests.swift */; };
		5BD5D7DF1DD35111003AF2A7 /* QuantiLoggerConstants.swift in Sources */ = {isa = PBXBuildFile; fileRef = 5BAF4F231DC8DA35000379A4 /* QuantiLoggerConstants.swift */; };
		5BD5D7E01DD35115003AF2A7 /* Level.swift in Sources */ = {isa = PBXBuildFile; fileRef = 5B3641A21DBFAC810034EF68 /* Level.swift */; };
		5BD5D7E11DD35118003AF2A7 /* LogManager.swift in Sources */ = {isa = PBXBuildFile; fileRef = 5B3641A61DBFAD5D0034EF68 /* LogManager.swift */; };
		5BD5D7E21DD3511B003AF2A7 /* InternalBaseLogger.swift in Sources */ = {isa = PBXBuildFile; fileRef = 5BA364581DD0C9A30017F9EB /* InternalBaseLogger.swift */; };
		5BD5D7E31DD3511E003AF2A7 /* Loging.swift in Sources */ = {isa = PBXBuildFile; fileRef = 5B3641A41DBFACF80034EF68 /* Loging.swift */; };
		5BD5D7E41DD35122003AF2A7 /* FileLoggerTableViewDatasource.swift in Sources */ = {isa = PBXBuildFile; fileRef = 5BA3645A1DD0EC160017F9EB /* FileLoggerTableViewDatasource.swift */; };
		5BD5D7E51DD35124003AF2A7 /* FileLoggerTableViewCell.swift in Sources */ = {isa = PBXBuildFile; fileRef = 5BFA877E1DD1F6B40063CB73 /* FileLoggerTableViewCell.swift */; };
		5BD5D7E61DD35126003AF2A7 /* FileLoggerManager.swift in Sources */ = {isa = PBXBuildFile; fileRef = 5B35E35D1DC0C87300C7E679 /* FileLoggerManager.swift */; };
		5BD5D7E71DD3512A003AF2A7 /* FileLogger.swift in Sources */ = {isa = PBXBuildFile; fileRef = 5B2782511DC9F72A00525431 /* FileLogger.swift */; };
		5BD5D7E81DD3512D003AF2A7 /* LogFileRecord.swift in Sources */ = {isa = PBXBuildFile; fileRef = 5BA3645C1DD0EDD10017F9EB /* LogFileRecord.swift */; };
		5BD5D7E91DD35131003AF2A7 /* ConsoleLogger.swift in Sources */ = {isa = PBXBuildFile; fileRef = 5BDA79CC1DBFB6CF00930ABA /* ConsoleLogger.swift */; };
		5BD5D7EA1DD3514C003AF2A7 /* DateExtension.swift in Sources */ = {isa = PBXBuildFile; fileRef = 5BEBBB181DC9EAC20055E453 /* DateExtension.swift */; };
		5BD5D7F01DD361B0003AF2A7 /* LogFilesViaMail.swift in Sources */ = {isa = PBXBuildFile; fileRef = 5BD5D7EF1DD361B0003AF2A7 /* LogFilesViaMail.swift */; };
		5BD5D7F31DD37627003AF2A7 /* LogFilesViaMail.swift in Sources */ = {isa = PBXBuildFile; fileRef = 5BD5D7EF1DD361B0003AF2A7 /* LogFilesViaMail.swift */; };
		5BDA79CD1DBFB6CF00930ABA /* ConsoleLogger.swift in Sources */ = {isa = PBXBuildFile; fileRef = 5BDA79CC1DBFB6CF00930ABA /* ConsoleLogger.swift */; };
		5BEBBB191DC9EAC20055E453 /* DateExtension.swift in Sources */ = {isa = PBXBuildFile; fileRef = 5BEBBB181DC9EAC20055E453 /* DateExtension.swift */; };
		5BFA877F1DD1F6B40063CB73 /* FileLoggerTableViewCell.swift in Sources */ = {isa = PBXBuildFile; fileRef = 5BFA877E1DD1F6B40063CB73 /* FileLoggerTableViewCell.swift */; };
/* End PBXBuildFile section */

/* Begin PBXContainerItemProxy section */
		5B3641931DBFA4650034EF68 /* PBXContainerItemProxy */ = {
			isa = PBXContainerItemProxy;
			containerPortal = 5B36417F1DBFA4640034EF68 /* Project object */;
			proxyType = 1;
			remoteGlobalIDString = 5B3641871DBFA4650034EF68;
			remoteInfo = QuantiLogger;
		};
		5BD5D7C41DD34EFE003AF2A7 /* PBXContainerItemProxy */ = {
			isa = PBXContainerItemProxy;
			containerPortal = 5B36417F1DBFA4640034EF68 /* Project object */;
			proxyType = 1;
			remoteGlobalIDString = 5BD5D7AF1DD34EFE003AF2A7;
			remoteInfo = TableViewDatasourceTest;
		};
		5BD5D7CF1DD34EFE003AF2A7 /* PBXContainerItemProxy */ = {
			isa = PBXContainerItemProxy;
			containerPortal = 5B36417F1DBFA4640034EF68 /* Project object */;
			proxyType = 1;
			remoteGlobalIDString = 5BD5D7AF1DD34EFE003AF2A7;
			remoteInfo = TableViewDatasourceTest;
		};
/* End PBXContainerItemProxy section */

/* Begin PBXFileReference section */
		5B2782511DC9F72A00525431 /* FileLogger.swift */ = {isa = PBXFileReference; fileEncoding = 4; lastKnownFileType = sourcecode.swift; path = FileLogger.swift; sourceTree = "<group>"; };
		5B35E35D1DC0C87300C7E679 /* FileLoggerManager.swift */ = {isa = PBXFileReference; fileEncoding = 4; lastKnownFileType = sourcecode.swift; path = FileLoggerManager.swift; sourceTree = "<group>"; };
		5B3641881DBFA4650034EF68 /* QuantiLogger.framework */ = {isa = PBXFileReference; explicitFileType = wrapper.framework; includeInIndex = 0; path = QuantiLogger.framework; sourceTree = BUILT_PRODUCTS_DIR; };
		5B36418B1DBFA4650034EF68 /* QuantiLogger.h */ = {isa = PBXFileReference; lastKnownFileType = sourcecode.c.h; path = QuantiLogger.h; sourceTree = "<group>"; };
		5B36418C1DBFA4650034EF68 /* Info.plist */ = {isa = PBXFileReference; lastKnownFileType = text.plist.xml; path = Info.plist; sourceTree = "<group>"; };
		5B3641911DBFA4650034EF68 /* QuantiLoggerTests.xctest */ = {isa = PBXFileReference; explicitFileType = wrapper.cfbundle; includeInIndex = 0; path = QuantiLoggerTests.xctest; sourceTree = BUILT_PRODUCTS_DIR; };
		5B3641961DBFA4650034EF68 /* QuantiLoggerTests.swift */ = {isa = PBXFileReference; lastKnownFileType = sourcecode.swift; path = QuantiLoggerTests.swift; sourceTree = "<group>"; };
		5B3641981DBFA4650034EF68 /* Info.plist */ = {isa = PBXFileReference; lastKnownFileType = text.plist.xml; path = Info.plist; sourceTree = "<group>"; };
		5B3641A21DBFAC810034EF68 /* Level.swift */ = {isa = PBXFileReference; fileEncoding = 4; lastKnownFileType = sourcecode.swift; path = Level.swift; sourceTree = "<group>"; };
		5B3641A41DBFACF80034EF68 /* Loging.swift */ = {isa = PBXFileReference; fileEncoding = 4; lastKnownFileType = sourcecode.swift; path = Loging.swift; sourceTree = "<group>"; };
		5B3641A61DBFAD5D0034EF68 /* LogManager.swift */ = {isa = PBXFileReference; fileEncoding = 4; lastKnownFileType = sourcecode.swift; path = LogManager.swift; sourceTree = "<group>"; };
		5BA364581DD0C9A30017F9EB /* InternalBaseLogger.swift */ = {isa = PBXFileReference; fileEncoding = 4; lastKnownFileType = sourcecode.swift; path = InternalBaseLogger.swift; sourceTree = "<group>"; };
		5BA3645A1DD0EC160017F9EB /* FileLoggerTableViewDatasource.swift */ = {isa = PBXFileReference; fileEncoding = 4; lastKnownFileType = sourcecode.swift; path = FileLoggerTableViewDatasource.swift; sourceTree = "<group>"; };
		5BA3645C1DD0EDD10017F9EB /* LogFileRecord.swift */ = {isa = PBXFileReference; fileEncoding = 4; lastKnownFileType = sourcecode.swift; path = LogFileRecord.swift; sourceTree = "<group>"; };
		5BAF4F231DC8DA35000379A4 /* QuantiLoggerConstants.swift */ = {isa = PBXFileReference; fileEncoding = 4; lastKnownFileType = sourcecode.swift; path = QuantiLoggerConstants.swift; sourceTree = "<group>"; };
		5BC5351B1DD4A4BE00E64CED /* MainTabBarController.swift */ = {isa = PBXFileReference; fileEncoding = 4; lastKnownFileType = sourcecode.swift; path = MainTabBarController.swift; sourceTree = "<group>"; };
		5BC5351D1DD4A51200E64CED /* SendLogFilesViaMailViewController.swift */ = {isa = PBXFileReference; fileEncoding = 4; lastKnownFileType = sourcecode.swift; path = SendLogFilesViaMailViewController.swift; sourceTree = "<group>"; };
		5BD5D7B01DD34EFE003AF2A7 /* TableViewDatasourceTest.app */ = {isa = PBXFileReference; explicitFileType = wrapper.application; includeInIndex = 0; path = TableViewDatasourceTest.app; sourceTree = BUILT_PRODUCTS_DIR; };
		5BD5D7B21DD34EFE003AF2A7 /* AppDelegate.swift */ = {isa = PBXFileReference; lastKnownFileType = sourcecode.swift; path = AppDelegate.swift; sourceTree = "<group>"; };
		5BD5D7B41DD34EFE003AF2A7 /* LogListTableViewController.swift */ = {isa = PBXFileReference; lastKnownFileType = sourcecode.swift; path = LogListTableViewController.swift; sourceTree = "<group>"; };
		5BD5D7B91DD34EFE003AF2A7 /* Assets.xcassets */ = {isa = PBXFileReference; lastKnownFileType = folder.assetcatalog; path = Assets.xcassets; sourceTree = "<group>"; };
		5BD5D7BE1DD34EFE003AF2A7 /* Info.plist */ = {isa = PBXFileReference; lastKnownFileType = text.plist.xml; path = Info.plist; sourceTree = "<group>"; };
		5BD5D7C31DD34EFE003AF2A7 /* TableViewDatasourceTestTests.xctest */ = {isa = PBXFileReference; explicitFileType = wrapper.cfbundle; includeInIndex = 0; path = TableViewDatasourceTestTests.xctest; sourceTree = BUILT_PRODUCTS_DIR; };
		5BD5D7C71DD34EFE003AF2A7 /* TableViewDatasourceTestTests.swift */ = {isa = PBXFileReference; lastKnownFileType = sourcecode.swift; path = TableViewDatasourceTestTests.swift; sourceTree = "<group>"; };
		5BD5D7C91DD34EFE003AF2A7 /* Info.plist */ = {isa = PBXFileReference; lastKnownFileType = text.plist.xml; path = Info.plist; sourceTree = "<group>"; };
		5BD5D7CE1DD34EFE003AF2A7 /* TableViewDatasourceTestUITests.xctest */ = {isa = PBXFileReference; explicitFileType = wrapper.cfbundle; includeInIndex = 0; path = TableViewDatasourceTestUITests.xctest; sourceTree = BUILT_PRODUCTS_DIR; };
		5BD5D7D21DD34EFE003AF2A7 /* TableViewDatasourceTestUITests.swift */ = {isa = PBXFileReference; lastKnownFileType = sourcecode.swift; path = TableViewDatasourceTestUITests.swift; sourceTree = "<group>"; };
		5BD5D7D41DD34EFE003AF2A7 /* Info.plist */ = {isa = PBXFileReference; lastKnownFileType = text.plist.xml; path = Info.plist; sourceTree = "<group>"; };
		5BD5D7EF1DD361B0003AF2A7 /* LogFilesViaMail.swift */ = {isa = PBXFileReference; fileEncoding = 4; lastKnownFileType = sourcecode.swift; path = LogFilesViaMail.swift; sourceTree = "<group>"; };
		5BDA79CC1DBFB6CF00930ABA /* ConsoleLogger.swift */ = {isa = PBXFileReference; fileEncoding = 4; lastKnownFileType = sourcecode.swift; path = ConsoleLogger.swift; sourceTree = "<group>"; };
		5BEBBB181DC9EAC20055E453 /* DateExtension.swift */ = {isa = PBXFileReference; fileEncoding = 4; lastKnownFileType = sourcecode.swift; path = DateExtension.swift; sourceTree = "<group>"; };
		5BFA877E1DD1F6B40063CB73 /* FileLoggerTableViewCell.swift */ = {isa = PBXFileReference; fileEncoding = 4; lastKnownFileType = sourcecode.swift; path = FileLoggerTableViewCell.swift; sourceTree = "<group>"; };
/* End PBXFileReference section */

/* Begin PBXFrameworksBuildPhase section */
		5B3641841DBFA4650034EF68 /* Frameworks */ = {
			isa = PBXFrameworksBuildPhase;
			buildActionMask = 2147483647;
			files = (
			);
			runOnlyForDeploymentPostprocessing = 0;
		};
		5B36418E1DBFA4650034EF68 /* Frameworks */ = {
			isa = PBXFrameworksBuildPhase;
			buildActionMask = 2147483647;
			files = (
				5B27824A1DC9F1AD00525431 /* QuantiLogger.framework in Frameworks */,
			);
			runOnlyForDeploymentPostprocessing = 0;
		};
		5BD5D7AD1DD34EFE003AF2A7 /* Frameworks */ = {
			isa = PBXFrameworksBuildPhase;
			buildActionMask = 2147483647;
			files = (
			);
			runOnlyForDeploymentPostprocessing = 0;
		};
		5BD5D7C01DD34EFE003AF2A7 /* Frameworks */ = {
			isa = PBXFrameworksBuildPhase;
			buildActionMask = 2147483647;
			files = (
			);
			runOnlyForDeploymentPostprocessing = 0;
		};
		5BD5D7CB1DD34EFE003AF2A7 /* Frameworks */ = {
			isa = PBXFrameworksBuildPhase;
			buildActionMask = 2147483647;
			files = (
			);
			runOnlyForDeploymentPostprocessing = 0;
		};
/* End PBXFrameworksBuildPhase section */

/* Begin PBXGroup section */
		5B35E35A1DC0A82400C7E679 /* SupportingFiles */ = {
			isa = PBXGroup;
			children = (
				5B36418C1DBFA4650034EF68 /* Info.plist */,
				5B36418B1DBFA4650034EF68 /* QuantiLogger.h */,
			);
			name = SupportingFiles;
			sourceTree = "<group>";
		};
		5B35E35B1DC0A83900C7E679 /* Tests */ = {
			isa = PBXGroup;
			children = (
				5B3641961DBFA4650034EF68 /* QuantiLoggerTests.swift */,
			);
			name = Tests;
			sourceTree = "<group>";
		};
		5B35E35C1DC0A84D00C7E679 /* Loggers */ = {
			isa = PBXGroup;
			children = (
				5BA364581DD0C9A30017F9EB /* InternalBaseLogger.swift */,
				5B3641A41DBFACF80034EF68 /* Loging.swift */,
				5BC00C981DC77C2100C3B89D /* FileLogger */,
				5BC00C971DC77C1200C3B89D /* ConsoleLogger */,
			);
			name = Loggers;
			sourceTree = "<group>";
		};
		5B35E35F1DC0EF0F00C7E679 /* Basic */ = {
			isa = PBXGroup;
			children = (
				5BAF4F231DC8DA35000379A4 /* QuantiLoggerConstants.swift */,
				5B35E3601DC0EF1A00C7E679 /* Extensions */,
			);
			name = Basic;
			sourceTree = "<group>";
		};
		5B35E3601DC0EF1A00C7E679 /* Extensions */ = {
			isa = PBXGroup;
			children = (
				5BEBBB181DC9EAC20055E453 /* DateExtension.swift */,
			);
			name = Extensions;
			sourceTree = "<group>";
		};
		5B36417E1DBFA4640034EF68 = {
			isa = PBXGroup;
			children = (
				5B36418A1DBFA4650034EF68 /* QuantiLogger */,
				5B3641951DBFA4650034EF68 /* QuantiLoggerTests */,
				5BD5D7B11DD34EFE003AF2A7 /* TableViewDatasourceTest */,
				5BD5D7C61DD34EFE003AF2A7 /* TableViewDatasourceTestTests */,
				5BD5D7D11DD34EFE003AF2A7 /* TableViewDatasourceTestUITests */,
				5B3641891DBFA4650034EF68 /* Products */,
			);
			sourceTree = "<group>";
		};
		5B3641891DBFA4650034EF68 /* Products */ = {
			isa = PBXGroup;
			children = (
				5B3641881DBFA4650034EF68 /* QuantiLogger.framework */,
				5B3641911DBFA4650034EF68 /* QuantiLoggerTests.xctest */,
				5BD5D7B01DD34EFE003AF2A7 /* TableViewDatasourceTest.app */,
				5BD5D7C31DD34EFE003AF2A7 /* TableViewDatasourceTestTests.xctest */,
				5BD5D7CE1DD34EFE003AF2A7 /* TableViewDatasourceTestUITests.xctest */,
			);
			name = Products;
			sourceTree = "<group>";
		};
		5B36418A1DBFA4650034EF68 /* QuantiLogger */ = {
			isa = PBXGroup;
			children = (
				5B35E35F1DC0EF0F00C7E679 /* Basic */,
				5B3641A21DBFAC810034EF68 /* Level.swift */,
				5B3641A61DBFAD5D0034EF68 /* LogManager.swift */,
				5B35E35C1DC0A84D00C7E679 /* Loggers */,
				5B35E35A1DC0A82400C7E679 /* SupportingFiles */,
			);
			path = QuantiLogger;
			sourceTree = "<group>";
		};
		5B3641951DBFA4650034EF68 /* QuantiLoggerTests */ = {
			isa = PBXGroup;
			children = (
				5B3641981DBFA4650034EF68 /* Info.plist */,
				5B35E35B1DC0A83900C7E679 /* Tests */,
			);
			path = QuantiLoggerTests;
			sourceTree = "<group>";
		};
		5BC00C971DC77C1200C3B89D /* ConsoleLogger */ = {
			isa = PBXGroup;
			children = (
				5BDA79CC1DBFB6CF00930ABA /* ConsoleLogger.swift */,
			);
			name = ConsoleLogger;
			sourceTree = "<group>";
		};
		5BC00C981DC77C2100C3B89D /* FileLogger */ = {
			isa = PBXGroup;
			children = (
				5BD5D7EE1DD3617A003AF2A7 /* LogFilesViaMail */,
				5BFA877D1DD1F68C0063CB73 /* TableViewDatasource */,
				5B35E35D1DC0C87300C7E679 /* FileLoggerManager.swift */,
				5B2782511DC9F72A00525431 /* FileLogger.swift */,
				5BA3645C1DD0EDD10017F9EB /* LogFileRecord.swift */,
			);
			name = FileLogger;
			sourceTree = "<group>";
		};
		5BD5D7B11DD34EFE003AF2A7 /* TableViewDatasourceTest */ = {
			isa = PBXGroup;
			children = (
				5BD5D7B21DD34EFE003AF2A7 /* AppDelegate.swift */,
				5BC5351B1DD4A4BE00E64CED /* MainTabBarController.swift */,
				5BD5D7B41DD34EFE003AF2A7 /* LogListTableViewController.swift */,
				5BC5351D1DD4A51200E64CED /* SendLogFilesViaMailViewController.swift */,
				5BD5D7DE1DD34F34003AF2A7 /* SupportingFiles */,
			);
			path = TableViewDatasourceTest;
			sourceTree = "<group>";
		};
		5BD5D7C61DD34EFE003AF2A7 /* TableViewDatasourceTestTests */ = {
			isa = PBXGroup;
			children = (
				5BD5D7C71DD34EFE003AF2A7 /* TableViewDatasourceTestTests.swift */,
				5BD5D7C91DD34EFE003AF2A7 /* Info.plist */,
			);
			path = TableViewDatasourceTestTests;
			sourceTree = "<group>";
		};
		5BD5D7D11DD34EFE003AF2A7 /* TableViewDatasourceTestUITests */ = {
			isa = PBXGroup;
			children = (
				5BD5D7D21DD34EFE003AF2A7 /* TableViewDatasourceTestUITests.swift */,
				5BD5D7D41DD34EFE003AF2A7 /* Info.plist */,
			);
			path = TableViewDatasourceTestUITests;
			sourceTree = "<group>";
		};
		5BD5D7DE1DD34F34003AF2A7 /* SupportingFiles */ = {
			isa = PBXGroup;
			children = (
				5BD5D7B91DD34EFE003AF2A7 /* Assets.xcassets */,
				5BD5D7BE1DD34EFE003AF2A7 /* Info.plist */,
			);
			name = SupportingFiles;
			sourceTree = "<group>";
		};
		5BD5D7EE1DD3617A003AF2A7 /* LogFilesViaMail */ = {
			isa = PBXGroup;
			children = (
				5BD5D7EF1DD361B0003AF2A7 /* LogFilesViaMail.swift */,
			);
			name = LogFilesViaMail;
			sourceTree = "<group>";
		};
		5BFA877D1DD1F68C0063CB73 /* TableViewDatasource */ = {
			isa = PBXGroup;
			children = (
				5BA3645A1DD0EC160017F9EB /* FileLoggerTableViewDatasource.swift */,
				5BFA877E1DD1F6B40063CB73 /* FileLoggerTableViewCell.swift */,
			);
			name = TableViewDatasource;
			sourceTree = "<group>";
		};
/* End PBXGroup section */

/* Begin PBXHeadersBuildPhase section */
		5B3641851DBFA4650034EF68 /* Headers */ = {
			isa = PBXHeadersBuildPhase;
			buildActionMask = 2147483647;
			files = (
				5B3641991DBFA4650034EF68 /* QuantiLogger.h in Headers */,
			);
			runOnlyForDeploymentPostprocessing = 0;
		};
/* End PBXHeadersBuildPhase section */

/* Begin PBXNativeTarget section */
		5B3641871DBFA4650034EF68 /* QuantiLogger */ = {
			isa = PBXNativeTarget;
			buildConfigurationList = 5B36419C1DBFA4650034EF68 /* Build configuration list for PBXNativeTarget "QuantiLogger" */;
			buildPhases = (
				5B3641831DBFA4650034EF68 /* Sources */,
				5B3641841DBFA4650034EF68 /* Frameworks */,
				5B3641851DBFA4650034EF68 /* Headers */,
				5B3641861DBFA4650034EF68 /* Resources */,
			);
			buildRules = (
			);
			dependencies = (
			);
			name = QuantiLogger;
			productName = QuantiLogger;
			productReference = 5B3641881DBFA4650034EF68 /* QuantiLogger.framework */;
			productType = "com.apple.product-type.framework";
		};
		5B3641901DBFA4650034EF68 /* QuantiLoggerTests */ = {
			isa = PBXNativeTarget;
			buildConfigurationList = 5B36419F1DBFA4650034EF68 /* Build configuration list for PBXNativeTarget "QuantiLoggerTests" */;
			buildPhases = (
				5B36418D1DBFA4650034EF68 /* Sources */,
				5B36418E1DBFA4650034EF68 /* Frameworks */,
				5B36418F1DBFA4650034EF68 /* Resources */,
			);
			buildRules = (
			);
			dependencies = (
				5B3641941DBFA4650034EF68 /* PBXTargetDependency */,
			);
			name = QuantiLoggerTests;
			productName = QuantiLoggerTests;
			productReference = 5B3641911DBFA4650034EF68 /* QuantiLoggerTests.xctest */;
			productType = "com.apple.product-type.bundle.unit-test";
		};
		5BD5D7AF1DD34EFE003AF2A7 /* TableViewDatasourceTest */ = {
			isa = PBXNativeTarget;
			buildConfigurationList = 5BD5D7DB1DD34EFE003AF2A7 /* Build configuration list for PBXNativeTarget "TableViewDatasourceTest" */;
			buildPhases = (
				5BD5D7AC1DD34EFE003AF2A7 /* Sources */,
				5BD5D7AD1DD34EFE003AF2A7 /* Frameworks */,
				5BD5D7AE1DD34EFE003AF2A7 /* Resources */,
				5BD5D7EB1DD356CA003AF2A7 /* ShellScript */,
			);
			buildRules = (
			);
			dependencies = (
			);
			name = TableViewDatasourceTest;
			productName = TableViewDatasourceTest;
			productReference = 5BD5D7B01DD34EFE003AF2A7 /* TableViewDatasourceTest.app */;
			productType = "com.apple.product-type.application";
		};
		5BD5D7C21DD34EFE003AF2A7 /* TableViewDatasourceTestTests */ = {
			isa = PBXNativeTarget;
			buildConfigurationList = 5BD5D7DC1DD34EFE003AF2A7 /* Build configuration list for PBXNativeTarget "TableViewDatasourceTestTests" */;
			buildPhases = (
				5BD5D7BF1DD34EFE003AF2A7 /* Sources */,
				5BD5D7C01DD34EFE003AF2A7 /* Frameworks */,
				5BD5D7C11DD34EFE003AF2A7 /* Resources */,
			);
			buildRules = (
			);
			dependencies = (
				5BD5D7C51DD34EFE003AF2A7 /* PBXTargetDependency */,
			);
			name = TableViewDatasourceTestTests;
			productName = TableViewDatasourceTestTests;
			productReference = 5BD5D7C31DD34EFE003AF2A7 /* TableViewDatasourceTestTests.xctest */;
			productType = "com.apple.product-type.bundle.unit-test";
		};
		5BD5D7CD1DD34EFE003AF2A7 /* TableViewDatasourceTestUITests */ = {
			isa = PBXNativeTarget;
			buildConfigurationList = 5BD5D7DD1DD34EFE003AF2A7 /* Build configuration list for PBXNativeTarget "TableViewDatasourceTestUITests" */;
			buildPhases = (
				5BD5D7CA1DD34EFE003AF2A7 /* Sources */,
				5BD5D7CB1DD34EFE003AF2A7 /* Frameworks */,
				5BD5D7CC1DD34EFE003AF2A7 /* Resources */,
			);
			buildRules = (
			);
			dependencies = (
				5BD5D7D01DD34EFE003AF2A7 /* PBXTargetDependency */,
			);
			name = TableViewDatasourceTestUITests;
			productName = TableViewDatasourceTestUITests;
			productReference = 5BD5D7CE1DD34EFE003AF2A7 /* TableViewDatasourceTestUITests.xctest */;
			productType = "com.apple.product-type.bundle.ui-testing";
		};
/* End PBXNativeTarget section */

/* Begin PBXProject section */
		5B36417F1DBFA4640034EF68 /* Project object */ = {
			isa = PBXProject;
			attributes = {
				LastSwiftUpdateCheck = 0810;
				LastUpgradeCheck = 0810;
				ORGANIZATIONNAME = quanti;
				TargetAttributes = {
					5B3641871DBFA4650034EF68 = {
						CreatedOnToolsVersion = 8.0;
						DevelopmentTeam = 2PY9RKK8A7;
						LastSwiftMigration = 0800;
						ProvisioningStyle = Automatic;
					};
					5B3641901DBFA4650034EF68 = {
						CreatedOnToolsVersion = 8.0;
						DevelopmentTeam = 2PY9RKK8A7;
						ProvisioningStyle = Automatic;
					};
					5BD5D7AF1DD34EFE003AF2A7 = {
						CreatedOnToolsVersion = 8.1;
						DevelopmentTeam = 2PY9RKK8A7;
						ProvisioningStyle = Automatic;
					};
					5BD5D7C21DD34EFE003AF2A7 = {
						CreatedOnToolsVersion = 8.1;
						DevelopmentTeam = 2PY9RKK8A7;
						ProvisioningStyle = Automatic;
						TestTargetID = 5BD5D7AF1DD34EFE003AF2A7;
					};
					5BD5D7CD1DD34EFE003AF2A7 = {
						CreatedOnToolsVersion = 8.1;
						DevelopmentTeam = 2PY9RKK8A7;
						ProvisioningStyle = Automatic;
						TestTargetID = 5BD5D7AF1DD34EFE003AF2A7;
					};
				};
			};
			buildConfigurationList = 5B3641821DBFA4640034EF68 /* Build configuration list for PBXProject "QuantiLogger" */;
			compatibilityVersion = "Xcode 3.2";
			developmentRegion = English;
			hasScannedForEncodings = 0;
			knownRegions = (
				en,
				Base,
			);
			mainGroup = 5B36417E1DBFA4640034EF68;
			productRefGroup = 5B3641891DBFA4650034EF68 /* Products */;
			projectDirPath = "";
			projectRoot = "";
			targets = (
				5B3641871DBFA4650034EF68 /* QuantiLogger */,
				5B3641901DBFA4650034EF68 /* QuantiLoggerTests */,
				5BD5D7AF1DD34EFE003AF2A7 /* TableViewDatasourceTest */,
				5BD5D7C21DD34EFE003AF2A7 /* TableViewDatasourceTestTests */,
				5BD5D7CD1DD34EFE003AF2A7 /* TableViewDatasourceTestUITests */,
			);
		};
/* End PBXProject section */

/* Begin PBXResourcesBuildPhase section */
		5B3641861DBFA4650034EF68 /* Resources */ = {
			isa = PBXResourcesBuildPhase;
			buildActionMask = 2147483647;
			files = (
			);
			runOnlyForDeploymentPostprocessing = 0;
		};
		5B36418F1DBFA4650034EF68 /* Resources */ = {
			isa = PBXResourcesBuildPhase;
			buildActionMask = 2147483647;
			files = (
			);
			runOnlyForDeploymentPostprocessing = 0;
		};
		5BD5D7AE1DD34EFE003AF2A7 /* Resources */ = {
			isa = PBXResourcesBuildPhase;
			buildActionMask = 2147483647;
			files = (
				5BD5D7BA1DD34EFE003AF2A7 /* Assets.xcassets in Resources */,
			);
			runOnlyForDeploymentPostprocessing = 0;
		};
		5BD5D7C11DD34EFE003AF2A7 /* Resources */ = {
			isa = PBXResourcesBuildPhase;
			buildActionMask = 2147483647;
			files = (
			);
			runOnlyForDeploymentPostprocessing = 0;
		};
		5BD5D7CC1DD34EFE003AF2A7 /* Resources */ = {
			isa = PBXResourcesBuildPhase;
			buildActionMask = 2147483647;
			files = (
			);
			runOnlyForDeploymentPostprocessing = 0;
		};
/* End PBXResourcesBuildPhase section */

/* Begin PBXShellScriptBuildPhase section */
		5BD5D7EB1DD356CA003AF2A7 /* ShellScript */ = {
			isa = PBXShellScriptBuildPhase;
			buildActionMask = 2147483647;
			files = (
			);
			inputPaths = (
			);
			outputPaths = (
			);
			runOnlyForDeploymentPostprocessing = 0;
			shellPath = /bin/sh;
			shellScript = "if [ \"${CONFIGURATION}\" = \"Debug\" ]; then\n    rm -rf ~/Library/Developer/CoreSimulator/Devices/\nfi";
		};
/* End PBXShellScriptBuildPhase section */

/* Begin PBXSourcesBuildPhase section */
		5B3641831DBFA4650034EF68 /* Sources */ = {
			isa = PBXSourcesBuildPhase;
			buildActionMask = 2147483647;
			files = (
				5B3641A51DBFACF90034EF68 /* Loging.swift in Sources */,
				5BEBBB191DC9EAC20055E453 /* DateExtension.swift in Sources */,
				5BDA79CD1DBFB6CF00930ABA /* ConsoleLogger.swift in Sources */,
				5BA364591DD0C9A30017F9EB /* InternalBaseLogger.swift in Sources */,
				5B2782521DC9F72A00525431 /* FileLogger.swift in Sources */,
				5B3641A71DBFAD5D0034EF68 /* LogManager.swift in Sources */,
				5BA3645B1DD0EC160017F9EB /* FileLoggerTableViewDatasource.swift in Sources */,
				5B35E35E1DC0C87300C7E679 /* FileLoggerManager.swift in Sources */,
				5B3641A31DBFAC810034EF68 /* Level.swift in Sources */,
				5BAF4F241DC8DA35000379A4 /* QuantiLoggerConstants.swift in Sources */,
				5BD5D7F01DD361B0003AF2A7 /* LogFilesViaMail.swift in Sources */,
				5BFA877F1DD1F6B40063CB73 /* FileLoggerTableViewCell.swift in Sources */,
				5BA3645D1DD0EDD10017F9EB /* LogFileRecord.swift in Sources */,
			);
			runOnlyForDeploymentPostprocessing = 0;
		};
		5B36418D1DBFA4650034EF68 /* Sources */ = {
			isa = PBXSourcesBuildPhase;
			buildActionMask = 2147483647;
			files = (
				5B3641971DBFA4650034EF68 /* QuantiLoggerTests.swift in Sources */,
			);
			runOnlyForDeploymentPostprocessing = 0;
		};
		5BD5D7AC1DD34EFE003AF2A7 /* Sources */ = {
			isa = PBXSourcesBuildPhase;
			buildActionMask = 2147483647;
			files = (
				5BD5D7E31DD3511E003AF2A7 /* Loging.swift in Sources */,
				5BD5D7EA1DD3514C003AF2A7 /* DateExtension.swift in Sources */,
				5BD5D7E51DD35124003AF2A7 /* FileLoggerTableViewCell.swift in Sources */,
				5BD5D7E71DD3512A003AF2A7 /* FileLogger.swift in Sources */,
				5BD5D7B51DD34EFE003AF2A7 /* LogListTableViewController.swift in Sources */,
				5BD5D7E11DD35118003AF2A7 /* LogManager.swift in Sources */,
				5BD5D7DF1DD35111003AF2A7 /* QuantiLoggerConstants.swift in Sources */,
				5BD5D7E61DD35126003AF2A7 /* FileLoggerManager.swift in Sources */,
				5BD5D7E81DD3512D003AF2A7 /* LogFileRecord.swift in Sources */,
				5BD5D7E41DD35122003AF2A7 /* FileLoggerTableViewDatasource.swift in Sources */,
				5BC5351C1DD4A4BE00E64CED /* MainTabBarController.swift in Sources */,
				5BD5D7E21DD3511B003AF2A7 /* InternalBaseLogger.swift in Sources */,
				5BD5D7E01DD35115003AF2A7 /* Level.swift in Sources */,
				5BD5D7E91DD35131003AF2A7 /* ConsoleLogger.swift in Sources */,
				5BC5351E1DD4A51200E64CED /* SendLogFilesViaMailViewController.swift in Sources */,
				5BD5D7F31DD37627003AF2A7 /* LogFilesViaMail.swift in Sources */,
				5BD5D7B31DD34EFE003AF2A7 /* AppDelegate.swift in Sources */,
			);
			runOnlyForDeploymentPostprocessing = 0;
		};
		5BD5D7BF1DD34EFE003AF2A7 /* Sources */ = {
			isa = PBXSourcesBuildPhase;
			buildActionMask = 2147483647;
			files = (
				5BD5D7C81DD34EFE003AF2A7 /* TableViewDatasourceTestTests.swift in Sources */,
			);
			runOnlyForDeploymentPostprocessing = 0;
		};
		5BD5D7CA1DD34EFE003AF2A7 /* Sources */ = {
			isa = PBXSourcesBuildPhase;
			buildActionMask = 2147483647;
			files = (
				5BD5D7D31DD34EFE003AF2A7 /* TableViewDatasourceTestUITests.swift in Sources */,
			);
			runOnlyForDeploymentPostprocessing = 0;
		};
/* End PBXSourcesBuildPhase section */

/* Begin PBXTargetDependency section */
		5B3641941DBFA4650034EF68 /* PBXTargetDependency */ = {
			isa = PBXTargetDependency;
			target = 5B3641871DBFA4650034EF68 /* QuantiLogger */;
			targetProxy = 5B3641931DBFA4650034EF68 /* PBXContainerItemProxy */;
		};
		5BD5D7C51DD34EFE003AF2A7 /* PBXTargetDependency */ = {
			isa = PBXTargetDependency;
			target = 5BD5D7AF1DD34EFE003AF2A7 /* TableViewDatasourceTest */;
			targetProxy = 5BD5D7C41DD34EFE003AF2A7 /* PBXContainerItemProxy */;
		};
		5BD5D7D01DD34EFE003AF2A7 /* PBXTargetDependency */ = {
			isa = PBXTargetDependency;
			target = 5BD5D7AF1DD34EFE003AF2A7 /* TableViewDatasourceTest */;
			targetProxy = 5BD5D7CF1DD34EFE003AF2A7 /* PBXContainerItemProxy */;
		};
/* End PBXTargetDependency section */

/* Begin XCBuildConfiguration section */
		5B36419A1DBFA4650034EF68 /* Debug */ = {
			isa = XCBuildConfiguration;
			buildSettings = {
				ALWAYS_SEARCH_USER_PATHS = NO;
				CLANG_ANALYZER_NONNULL = YES;
				CLANG_CXX_LANGUAGE_STANDARD = "gnu++0x";
				CLANG_CXX_LIBRARY = "libc++";
				CLANG_ENABLE_MODULES = YES;
				CLANG_ENABLE_OBJC_ARC = YES;
				CLANG_WARN_BOOL_CONVERSION = YES;
				CLANG_WARN_CONSTANT_CONVERSION = YES;
				CLANG_WARN_DIRECT_OBJC_ISA_USAGE = YES_ERROR;
				CLANG_WARN_DOCUMENTATION_COMMENTS = YES;
				CLANG_WARN_EMPTY_BODY = YES;
				CLANG_WARN_ENUM_CONVERSION = YES;
				CLANG_WARN_INFINITE_RECURSION = YES;
				CLANG_WARN_INT_CONVERSION = YES;
				CLANG_WARN_OBJC_ROOT_CLASS = YES_ERROR;
				CLANG_WARN_SUSPICIOUS_MOVE = YES;
				CLANG_WARN_SUSPICIOUS_MOVES = YES;
				CLANG_WARN_UNREACHABLE_CODE = YES;
				CLANG_WARN__DUPLICATE_METHOD_MATCH = YES;
				"CODE_SIGN_IDENTITY[sdk=iphoneos*]" = "iPhone Developer";
				COPY_PHASE_STRIP = NO;
				CURRENT_PROJECT_VERSION = 1;
				DEBUG_INFORMATION_FORMAT = dwarf;
				ENABLE_STRICT_OBJC_MSGSEND = YES;
				ENABLE_TESTABILITY = YES;
				GCC_C_LANGUAGE_STANDARD = gnu99;
				GCC_DYNAMIC_NO_PIC = NO;
				GCC_NO_COMMON_BLOCKS = YES;
				GCC_OPTIMIZATION_LEVEL = 0;
				GCC_PREPROCESSOR_DEFINITIONS = (
					"DEBUG=1",
					"$(inherited)",
				);
				GCC_WARN_64_TO_32_BIT_CONVERSION = YES;
				GCC_WARN_ABOUT_RETURN_TYPE = YES_ERROR;
				GCC_WARN_UNDECLARED_SELECTOR = YES;
				GCC_WARN_UNINITIALIZED_AUTOS = YES_AGGRESSIVE;
				GCC_WARN_UNUSED_FUNCTION = YES;
				GCC_WARN_UNUSED_VARIABLE = YES;
				IPHONEOS_DEPLOYMENT_TARGET = 10.0;
				MTL_ENABLE_DEBUG_INFO = YES;
				ONLY_ACTIVE_ARCH = YES;
				SDKROOT = iphoneos;
				SWIFT_ACTIVE_COMPILATION_CONDITIONS = DEBUG;
				SWIFT_OPTIMIZATION_LEVEL = "-Onone";
				TARGETED_DEVICE_FAMILY = "1,2";
				VALID_ARCHS = "arm64 armv7 armv7s x86_64 i386";
				VERSIONING_SYSTEM = "apple-generic";
				VERSION_INFO_PREFIX = "";
			};
			name = Debug;
		};
		5B36419B1DBFA4650034EF68 /* Release */ = {
			isa = XCBuildConfiguration;
			buildSettings = {
				ALWAYS_SEARCH_USER_PATHS = NO;
				CLANG_ANALYZER_NONNULL = YES;
				CLANG_CXX_LANGUAGE_STANDARD = "gnu++0x";
				CLANG_CXX_LIBRARY = "libc++";
				CLANG_ENABLE_MODULES = YES;
				CLANG_ENABLE_OBJC_ARC = YES;
				CLANG_WARN_BOOL_CONVERSION = YES;
				CLANG_WARN_CONSTANT_CONVERSION = YES;
				CLANG_WARN_DIRECT_OBJC_ISA_USAGE = YES_ERROR;
				CLANG_WARN_DOCUMENTATION_COMMENTS = YES;
				CLANG_WARN_EMPTY_BODY = YES;
				CLANG_WARN_ENUM_CONVERSION = YES;
				CLANG_WARN_INFINITE_RECURSION = YES;
				CLANG_WARN_INT_CONVERSION = YES;
				CLANG_WARN_OBJC_ROOT_CLASS = YES_ERROR;
				CLANG_WARN_SUSPICIOUS_MOVE = YES;
				CLANG_WARN_SUSPICIOUS_MOVES = YES;
				CLANG_WARN_UNREACHABLE_CODE = YES;
				CLANG_WARN__DUPLICATE_METHOD_MATCH = YES;
				"CODE_SIGN_IDENTITY[sdk=iphoneos*]" = "iPhone Developer";
				COPY_PHASE_STRIP = NO;
				CURRENT_PROJECT_VERSION = 1;
				DEBUG_INFORMATION_FORMAT = "dwarf-with-dsym";
				ENABLE_NS_ASSERTIONS = NO;
				ENABLE_STRICT_OBJC_MSGSEND = YES;
				GCC_C_LANGUAGE_STANDARD = gnu99;
				GCC_NO_COMMON_BLOCKS = YES;
				GCC_WARN_64_TO_32_BIT_CONVERSION = YES;
				GCC_WARN_ABOUT_RETURN_TYPE = YES_ERROR;
				GCC_WARN_UNDECLARED_SELECTOR = YES;
				GCC_WARN_UNINITIALIZED_AUTOS = YES_AGGRESSIVE;
				GCC_WARN_UNUSED_FUNCTION = YES;
				GCC_WARN_UNUSED_VARIABLE = YES;
				IPHONEOS_DEPLOYMENT_TARGET = 10.0;
				MTL_ENABLE_DEBUG_INFO = NO;
				SDKROOT = iphoneos;
				SWIFT_OPTIMIZATION_LEVEL = "-Owholemodule";
				TARGETED_DEVICE_FAMILY = "1,2";
				VALIDATE_PRODUCT = YES;
				VALID_ARCHS = "arm64 armv7 armv7s x86_64 i386";
				VERSIONING_SYSTEM = "apple-generic";
				VERSION_INFO_PREFIX = "";
			};
			name = Release;
		};
		5B36419D1DBFA4650034EF68 /* Debug */ = {
			isa = XCBuildConfiguration;
			buildSettings = {
				CLANG_ENABLE_MODULES = YES;
				CODE_SIGN_IDENTITY = "";
				DEFINES_MODULE = YES;
				DEVELOPMENT_TEAM = 2PY9RKK8A7;
				DYLIB_COMPATIBILITY_VERSION = 1;
				DYLIB_CURRENT_VERSION = 1;
				DYLIB_INSTALL_NAME_BASE = "@rpath";
				FRAMEWORK_SEARCH_PATHS = (
					"$(inherited)",
					"$(PROJECT_DIR)/Carthage/Build/iOS",
				);
				INFOPLIST_FILE = QuantiLogger/Info.plist;
				INSTALL_PATH = "$(LOCAL_LIBRARY_DIR)/Frameworks";
				LD_RUNPATH_SEARCH_PATHS = "$(inherited) @executable_path/Frameworks @loader_path/Frameworks";
				ONLY_ACTIVE_ARCH = NO;
				PRODUCT_BUNDLE_IDENTIFIER = com.quanti.swift.QuantiLogger;
				PRODUCT_NAME = "$(TARGET_NAME)";
				SKIP_INSTALL = YES;
				SWIFT_OPTIMIZATION_LEVEL = "-Onone";
				SWIFT_VERSION = 3.0;
			};
			name = Debug;
		};
		5B36419E1DBFA4650034EF68 /* Release */ = {
			isa = XCBuildConfiguration;
			buildSettings = {
				CLANG_ENABLE_MODULES = YES;
				CODE_SIGN_IDENTITY = "";
				DEFINES_MODULE = YES;
				DEVELOPMENT_TEAM = 2PY9RKK8A7;
				DYLIB_COMPATIBILITY_VERSION = 1;
				DYLIB_CURRENT_VERSION = 1;
				DYLIB_INSTALL_NAME_BASE = "@rpath";
				FRAMEWORK_SEARCH_PATHS = (
					"$(inherited)",
					"$(PROJECT_DIR)/Carthage/Build/iOS",
				);
				INFOPLIST_FILE = QuantiLogger/Info.plist;
				INSTALL_PATH = "$(LOCAL_LIBRARY_DIR)/Frameworks";
				LD_RUNPATH_SEARCH_PATHS = "$(inherited) @executable_path/Frameworks @loader_path/Frameworks";
				PRODUCT_BUNDLE_IDENTIFIER = com.quanti.swift.QuantiLogger;
				PRODUCT_NAME = "$(TARGET_NAME)";
				SKIP_INSTALL = YES;
				SWIFT_VERSION = 3.0;
			};
			name = Release;
		};
		5B3641A01DBFA4650034EF68 /* Debug */ = {
			isa = XCBuildConfiguration;
			buildSettings = {
				ALWAYS_EMBED_SWIFT_STANDARD_LIBRARIES = YES;
				DEVELOPMENT_TEAM = 2PY9RKK8A7;
				INFOPLIST_FILE = QuantiLoggerTests/Info.plist;
				LD_RUNPATH_SEARCH_PATHS = "$(inherited) @executable_path/Frameworks @loader_path/Frameworks";
				PRODUCT_BUNDLE_IDENTIFIER = com.quanti.swift.QuantiLoggerTests;
				PRODUCT_NAME = "$(TARGET_NAME)";
				SWIFT_VERSION = 3.0;
			};
			name = Debug;
		};
		5B3641A11DBFA4650034EF68 /* Release */ = {
			isa = XCBuildConfiguration;
			buildSettings = {
				ALWAYS_EMBED_SWIFT_STANDARD_LIBRARIES = YES;
				DEVELOPMENT_TEAM = 2PY9RKK8A7;
				INFOPLIST_FILE = QuantiLoggerTests/Info.plist;
				LD_RUNPATH_SEARCH_PATHS = "$(inherited) @executable_path/Frameworks @loader_path/Frameworks";
				PRODUCT_BUNDLE_IDENTIFIER = com.quanti.swift.QuantiLoggerTests;
				PRODUCT_NAME = "$(TARGET_NAME)";
				SWIFT_VERSION = 3.0;
			};
			name = Release;
		};
		5BD5D7D51DD34EFE003AF2A7 /* Debug */ = {
			isa = XCBuildConfiguration;
			buildSettings = {
				ASSETCATALOG_COMPILER_APPICON_NAME = AppIcon;
				DEVELOPMENT_TEAM = 2PY9RKK8A7;
				INFOPLIST_FILE = TableViewDatasourceTest/Info.plist;
				IPHONEOS_DEPLOYMENT_TARGET = 10.1;
				LD_RUNPATH_SEARCH_PATHS = "$(inherited) @executable_path/Frameworks";
				PRODUCT_BUNDLE_IDENTIFIER = com.quanti.swift.TableViewDatasourceTest;
				PRODUCT_NAME = "$(TARGET_NAME)";
				SWIFT_VERSION = 3.0;
			};
			name = Debug;
		};
		5BD5D7D61DD34EFE003AF2A7 /* Release */ = {
			isa = XCBuildConfiguration;
			buildSettings = {
				ASSETCATALOG_COMPILER_APPICON_NAME = AppIcon;
				DEVELOPMENT_TEAM = 2PY9RKK8A7;
				INFOPLIST_FILE = TableViewDatasourceTest/Info.plist;
				IPHONEOS_DEPLOYMENT_TARGET = 10.1;
				LD_RUNPATH_SEARCH_PATHS = "$(inherited) @executable_path/Frameworks";
				PRODUCT_BUNDLE_IDENTIFIER = com.quanti.swift.TableViewDatasourceTest;
				PRODUCT_NAME = "$(TARGET_NAME)";
				SWIFT_VERSION = 3.0;
			};
			name = Release;
		};
		5BD5D7D71DD34EFE003AF2A7 /* Debug */ = {
			isa = XCBuildConfiguration;
			buildSettings = {
				ALWAYS_EMBED_SWIFT_STANDARD_LIBRARIES = YES;
				BUNDLE_LOADER = "$(TEST_HOST)";
				DEVELOPMENT_TEAM = 2PY9RKK8A7;
				INFOPLIST_FILE = TableViewDatasourceTestTests/Info.plist;
				IPHONEOS_DEPLOYMENT_TARGET = 10.1;
				LD_RUNPATH_SEARCH_PATHS = "$(inherited) @executable_path/Frameworks @loader_path/Frameworks";
				PRODUCT_BUNDLE_IDENTIFIER = com.quanti.swift.TableViewDatasourceTestTests;
				PRODUCT_NAME = "$(TARGET_NAME)";
				SWIFT_VERSION = 3.0;
				TEST_HOST = "$(BUILT_PRODUCTS_DIR)/TableViewDatasourceTest.app/TableViewDatasourceTest";
			};
			name = Debug;
		};
		5BD5D7D81DD34EFE003AF2A7 /* Release */ = {
			isa = XCBuildConfiguration;
			buildSettings = {
				ALWAYS_EMBED_SWIFT_STANDARD_LIBRARIES = YES;
				BUNDLE_LOADER = "$(TEST_HOST)";
				DEVELOPMENT_TEAM = 2PY9RKK8A7;
				INFOPLIST_FILE = TableViewDatasourceTestTests/Info.plist;
				IPHONEOS_DEPLOYMENT_TARGET = 10.1;
				LD_RUNPATH_SEARCH_PATHS = "$(inherited) @executable_path/Frameworks @loader_path/Frameworks";
				PRODUCT_BUNDLE_IDENTIFIER = com.quanti.swift.TableViewDatasourceTestTests;
				PRODUCT_NAME = "$(TARGET_NAME)";
				SWIFT_VERSION = 3.0;
				TEST_HOST = "$(BUILT_PRODUCTS_DIR)/TableViewDatasourceTest.app/TableViewDatasourceTest";
			};
			name = Release;
		};
		5BD5D7D91DD34EFE003AF2A7 /* Debug */ = {
			isa = XCBuildConfiguration;
			buildSettings = {
				ALWAYS_EMBED_SWIFT_STANDARD_LIBRARIES = YES;
				DEVELOPMENT_TEAM = 2PY9RKK8A7;
				INFOPLIST_FILE = TableViewDatasourceTestUITests/Info.plist;
				IPHONEOS_DEPLOYMENT_TARGET = 10.1;
				LD_RUNPATH_SEARCH_PATHS = "$(inherited) @executable_path/Frameworks @loader_path/Frameworks";
				PRODUCT_BUNDLE_IDENTIFIER = com.quanti.swift.TableViewDatasourceTestUITests;
				PRODUCT_NAME = "$(TARGET_NAME)";
				SWIFT_VERSION = 3.0;
				TEST_TARGET_NAME = TableViewDatasourceTest;
			};
			name = Debug;
		};
		5BD5D7DA1DD34EFE003AF2A7 /* Release */ = {
			isa = XCBuildConfiguration;
			buildSettings = {
				ALWAYS_EMBED_SWIFT_STANDARD_LIBRARIES = YES;
				DEVELOPMENT_TEAM = 2PY9RKK8A7;
				INFOPLIST_FILE = TableViewDatasourceTestUITests/Info.plist;
				IPHONEOS_DEPLOYMENT_TARGET = 10.1;
				LD_RUNPATH_SEARCH_PATHS = "$(inherited) @executable_path/Frameworks @loader_path/Frameworks";
				PRODUCT_BUNDLE_IDENTIFIER = com.quanti.swift.TableViewDatasourceTestUITests;
				PRODUCT_NAME = "$(TARGET_NAME)";
				SWIFT_VERSION = 3.0;
				TEST_TARGET_NAME = TableViewDatasourceTest;
			};
			name = Release;
		};
/* End XCBuildConfiguration section */

/* Begin XCConfigurationList section */
		5B3641821DBFA4640034EF68 /* Build configuration list for PBXProject "QuantiLogger" */ = {
			isa = XCConfigurationList;
			buildConfigurations = (
				5B36419A1DBFA4650034EF68 /* Debug */,
				5B36419B1DBFA4650034EF68 /* Release */,
			);
			defaultConfigurationIsVisible = 0;
			defaultConfigurationName = Release;
		};
		5B36419C1DBFA4650034EF68 /* Build configuration list for PBXNativeTarget "QuantiLogger" */ = {
			isa = XCConfigurationList;
			buildConfigurations = (
				5B36419D1DBFA4650034EF68 /* Debug */,
				5B36419E1DBFA4650034EF68 /* Release */,
			);
			defaultConfigurationIsVisible = 0;
			defaultConfigurationName = Release;
		};
		5B36419F1DBFA4650034EF68 /* Build configuration list for PBXNativeTarget "QuantiLoggerTests" */ = {
			isa = XCConfigurationList;
			buildConfigurations = (
				5B3641A01DBFA4650034EF68 /* Debug */,
				5B3641A11DBFA4650034EF68 /* Release */,
			);
			defaultConfigurationIsVisible = 0;
			defaultConfigurationName = Release;
		};
		5BD5D7DB1DD34EFE003AF2A7 /* Build configuration list for PBXNativeTarget "TableViewDatasourceTest" */ = {
			isa = XCConfigurationList;
			buildConfigurations = (
				5BD5D7D51DD34EFE003AF2A7 /* Debug */,
				5BD5D7D61DD34EFE003AF2A7 /* Release */,
			);
			defaultConfigurationIsVisible = 0;
			defaultConfigurationName = Release;
		};
		5BD5D7DC1DD34EFE003AF2A7 /* Build configuration list for PBXNativeTarget "TableViewDatasourceTestTests" */ = {
			isa = XCConfigurationList;
			buildConfigurations = (
				5BD5D7D71DD34EFE003AF2A7 /* Debug */,
				5BD5D7D81DD34EFE003AF2A7 /* Release */,
			);
			defaultConfigurationIsVisible = 0;
			defaultConfigurationName = Release;
		};
		5BD5D7DD1DD34EFE003AF2A7 /* Build configuration list for PBXNativeTarget "TableViewDatasourceTestUITests" */ = {
			isa = XCConfigurationList;
			buildConfigurations = (
				5BD5D7D91DD34EFE003AF2A7 /* Debug */,
				5BD5D7DA1DD34EFE003AF2A7 /* Release */,
			);
			defaultConfigurationIsVisible = 0;
			defaultConfigurationName = Release;
		};
/* End XCConfigurationList section */
	};
	rootObject = 5B36417F1DBFA4640034EF68 /* Project object */;
}
