// !$*UTF8*$!
{
	archiveVersion = 1;
	classes = {
	};
	objectVersion = 52;
	objects = {

/* Begin PBXBuildFile section */
		5B07491423A0F46B00887C7C /* RxSwift.framework in Frameworks */ = {isa = PBXBuildFile; fileRef = 5B07490B23A0F2A100887C7C /* RxSwift.framework */; };
		5B16551B1EE585E0000D4652 /* SystemLogger.swift in Sources */ = {isa = PBXBuildFile; fileRef = 5B16551A1EE585E0000D4652 /* SystemLogger.swift */; };
		5B1E989E20974F9000855C80 /* MetaInformationLogger.swift in Sources */ = {isa = PBXBuildFile; fileRef = 5B1E989D20974F9000855C80 /* MetaInformationLogger.swift */; };
		5B1E989F20976BD800855C80 /* MetaInformationLogger.swift in Sources */ = {isa = PBXBuildFile; fileRef = 5B1E989D20974F9000855C80 /* MetaInformationLogger.swift */; };
		5B27824A1DC9F1AD00525431 /* QuantiLogger.framework in Frameworks */ = {isa = PBXBuildFile; fileRef = 5B3641881DBFA4650034EF68 /* QuantiLogger.framework */; };
		5B2782521DC9F72A00525431 /* FileLogger.swift in Sources */ = {isa = PBXBuildFile; fileRef = 5B2782511DC9F72A00525431 /* FileLogger.swift */; };
		5B35E35E1DC0C87300C7E679 /* FileLoggerManager.swift in Sources */ = {isa = PBXBuildFile; fileRef = 5B35E35D1DC0C87300C7E679 /* FileLoggerManager.swift */; };
		5B3641971DBFA4650034EF68 /* QuantiLoggerTests.swift in Sources */ = {isa = PBXBuildFile; fileRef = 5B3641961DBFA4650034EF68 /* QuantiLoggerTests.swift */; };
		5B3641991DBFA4650034EF68 /* QuantiLogger.h in Headers */ = {isa = PBXBuildFile; fileRef = 5B36418B1DBFA4650034EF68 /* QuantiLogger.h */; settings = {ATTRIBUTES = (Public, ); }; };
		5B3641A31DBFAC810034EF68 /* Level.swift in Sources */ = {isa = PBXBuildFile; fileRef = 5B3641A21DBFAC810034EF68 /* Level.swift */; };
		5B3641A51DBFACF90034EF68 /* Logging.swift in Sources */ = {isa = PBXBuildFile; fileRef = 5B3641A41DBFACF80034EF68 /* Logging.swift */; };
		5B3641A71DBFAD5D0034EF68 /* LogManager.swift in Sources */ = {isa = PBXBuildFile; fileRef = 5B3641A61DBFAD5D0034EF68 /* LogManager.swift */; };
		5B6B33441FF847C800CB106D /* ApplicationCallbackLogger.swift in Sources */ = {isa = PBXBuildFile; fileRef = 5BF451371FF568A500E18215 /* ApplicationCallbackLogger.swift */; };
		5BA3645B1DD0EC160017F9EB /* FileLoggerTableViewDatasource.swift in Sources */ = {isa = PBXBuildFile; fileRef = 5BA3645A1DD0EC160017F9EB /* FileLoggerTableViewDatasource.swift */; };
		5BA3645D1DD0EDD10017F9EB /* LogFileRecord.swift in Sources */ = {isa = PBXBuildFile; fileRef = 5BA3645C1DD0EDD10017F9EB /* LogFileRecord.swift */; };
		5BA6AAFC226F42BA00FBB047 /* Archive+Writing.swift in Sources */ = {isa = PBXBuildFile; fileRef = 5BA6AAF5226F42B900FBB047 /* Archive+Writing.swift */; };
		5BA6AAFD226F42BA00FBB047 /* Archive+Writing.swift in Sources */ = {isa = PBXBuildFile; fileRef = 5BA6AAF5226F42B900FBB047 /* Archive+Writing.swift */; };
		5BA6AAFE226F42BA00FBB047 /* Data+Compression.swift in Sources */ = {isa = PBXBuildFile; fileRef = 5BA6AAF6226F42B900FBB047 /* Data+Compression.swift */; };
		5BA6AAFF226F42BA00FBB047 /* Data+Compression.swift in Sources */ = {isa = PBXBuildFile; fileRef = 5BA6AAF6226F42B900FBB047 /* Data+Compression.swift */; };
		5BA6AB00226F42BA00FBB047 /* Entry.swift in Sources */ = {isa = PBXBuildFile; fileRef = 5BA6AAF7226F42B900FBB047 /* Entry.swift */; };
		5BA6AB01226F42BA00FBB047 /* Entry.swift in Sources */ = {isa = PBXBuildFile; fileRef = 5BA6AAF7226F42B900FBB047 /* Entry.swift */; };
		5BA6AB02226F42BA00FBB047 /* Data+Serialization.swift in Sources */ = {isa = PBXBuildFile; fileRef = 5BA6AAF8226F42B900FBB047 /* Data+Serialization.swift */; };
		5BA6AB03226F42BA00FBB047 /* Data+Serialization.swift in Sources */ = {isa = PBXBuildFile; fileRef = 5BA6AAF8226F42B900FBB047 /* Data+Serialization.swift */; };
		5BA6AB04226F42BA00FBB047 /* Archive+Reading.swift in Sources */ = {isa = PBXBuildFile; fileRef = 5BA6AAF9226F42B900FBB047 /* Archive+Reading.swift */; };
		5BA6AB05226F42BA00FBB047 /* Archive+Reading.swift in Sources */ = {isa = PBXBuildFile; fileRef = 5BA6AAF9226F42B900FBB047 /* Archive+Reading.swift */; };
		5BA6AB06226F42BA00FBB047 /* FileManager+ZIP.swift in Sources */ = {isa = PBXBuildFile; fileRef = 5BA6AAFA226F42B900FBB047 /* FileManager+ZIP.swift */; };
		5BA6AB07226F42BA00FBB047 /* FileManager+ZIP.swift in Sources */ = {isa = PBXBuildFile; fileRef = 5BA6AAFA226F42B900FBB047 /* FileManager+ZIP.swift */; };
		5BA6AB08226F42BA00FBB047 /* Archive.swift in Sources */ = {isa = PBXBuildFile; fileRef = 5BA6AAFB226F42BA00FBB047 /* Archive.swift */; };
		5BA6AB09226F42BA00FBB047 /* Archive.swift in Sources */ = {isa = PBXBuildFile; fileRef = 5BA6AAFB226F42BA00FBB047 /* Archive.swift */; };
		5BAF4F241DC8DA35000379A4 /* QuantiLoggerConstants.swift in Sources */ = {isa = PBXBuildFile; fileRef = 5BAF4F231DC8DA35000379A4 /* QuantiLoggerConstants.swift */; };
		5BDA79CD1DBFB6CF00930ABA /* ConsoleLogger.swift in Sources */ = {isa = PBXBuildFile; fileRef = 5BDA79CC1DBFB6CF00930ABA /* ConsoleLogger.swift */; };
		5BEBBB191DC9EAC20055E453 /* DateExtension.swift in Sources */ = {isa = PBXBuildFile; fileRef = 5BEBBB181DC9EAC20055E453 /* DateExtension.swift */; };
		5BF451381FF568A500E18215 /* ApplicationCallbackLogger.swift in Sources */ = {isa = PBXBuildFile; fileRef = 5BF451371FF568A500E18215 /* ApplicationCallbackLogger.swift */; };
		5BF957021F5ECF1C00F88F9B /* AppDelegate.swift in Sources */ = {isa = PBXBuildFile; fileRef = 5BF957011F5ECF1C00F88F9B /* AppDelegate.swift */; };
		5BF957091F5ECF1C00F88F9B /* Assets.xcassets in Resources */ = {isa = PBXBuildFile; fileRef = 5BF957081F5ECF1C00F88F9B /* Assets.xcassets */; };
		5BF957221F5ECF1D00F88F9B /* QuantiLoggerExampleUITests.swift in Sources */ = {isa = PBXBuildFile; fileRef = 5BF957211F5ECF1D00F88F9B /* QuantiLoggerExampleUITests.swift */; };
		5BF9572F1F5ED18D00F88F9B /* MainTabBarController.swift in Sources */ = {isa = PBXBuildFile; fileRef = 5BF9572E1F5ED18D00F88F9B /* MainTabBarController.swift */; };
		5BF957311F5ED1E100F88F9B /* LogListTableViewController.swift in Sources */ = {isa = PBXBuildFile; fileRef = 5BF957301F5ED1E100F88F9B /* LogListTableViewController.swift */; };
		5BF957331F5ED1F500F88F9B /* SendLogFilesViaMailViewController.swift in Sources */ = {isa = PBXBuildFile; fileRef = 5BF957321F5ED1F500F88F9B /* SendLogFilesViaMailViewController.swift */; };
		5BF957391F5ED37500F88F9B /* QuantiLoggerConstants.swift in Sources */ = {isa = PBXBuildFile; fileRef = 5BAF4F231DC8DA35000379A4 /* QuantiLoggerConstants.swift */; };
		5BF9573A1F5ED37900F88F9B /* DateExtension.swift in Sources */ = {isa = PBXBuildFile; fileRef = 5BEBBB181DC9EAC20055E453 /* DateExtension.swift */; };
		5BF9573B1F5ED37B00F88F9B /* DateHelper.swift in Sources */ = {isa = PBXBuildFile; fileRef = D3405D4F1F4C494200A1987F /* DateHelper.swift */; };
		5BF9573C1F5ED38300F88F9B /* Level.swift in Sources */ = {isa = PBXBuildFile; fileRef = 5B3641A21DBFAC810034EF68 /* Level.swift */; };
		5BF9573D1F5ED38500F88F9B /* LogManager.swift in Sources */ = {isa = PBXBuildFile; fileRef = 5B3641A61DBFAD5D0034EF68 /* LogManager.swift */; };
		5BF9573F1F5ED38D00F88F9B /* Logging.swift in Sources */ = {isa = PBXBuildFile; fileRef = 5B3641A41DBFACF80034EF68 /* Logging.swift */; };
		5BF957411F5ED39400F88F9B /* SystemLogger.swift in Sources */ = {isa = PBXBuildFile; fileRef = 5B16551A1EE585E0000D4652 /* SystemLogger.swift */; };
		5BF957431F5ED39C00F88F9B /* FileLoggerTableViewDatasource.swift in Sources */ = {isa = PBXBuildFile; fileRef = 5BA3645A1DD0EC160017F9EB /* FileLoggerTableViewDatasource.swift */; };
		5BF957441F5ED39E00F88F9B /* FileLoggerTableViewCell.swift in Sources */ = {isa = PBXBuildFile; fileRef = 5BFA877E1DD1F6B40063CB73 /* FileLoggerTableViewCell.swift */; };
		5BF957451F5ED3A100F88F9B /* FileLoggerManager.swift in Sources */ = {isa = PBXBuildFile; fileRef = 5B35E35D1DC0C87300C7E679 /* FileLoggerManager.swift */; };
		5BF957461F5ED3A400F88F9B /* FileLogger.swift in Sources */ = {isa = PBXBuildFile; fileRef = 5B2782511DC9F72A00525431 /* FileLogger.swift */; };
		5BF957471F5ED3A700F88F9B /* LogFileRecord.swift in Sources */ = {isa = PBXBuildFile; fileRef = 5BA3645C1DD0EDD10017F9EB /* LogFileRecord.swift */; };
		5BF957481F5ED3AA00F88F9B /* ConsoleLogger.swift in Sources */ = {isa = PBXBuildFile; fileRef = 5BDA79CC1DBFB6CF00930ABA /* ConsoleLogger.swift */; };
		5BFA877F1DD1F6B40063CB73 /* FileLoggerTableViewCell.swift in Sources */ = {isa = PBXBuildFile; fileRef = 5BFA877E1DD1F6B40063CB73 /* FileLoggerTableViewCell.swift */; };
		6C07CA8522CA6C740009203A /* LogFilesViaMailViewController.swift in Sources */ = {isa = PBXBuildFile; fileRef = 6C07CA8422CA6C730009203A /* LogFilesViaMailViewController.swift */; };
		6C5DF0AC22C0E96600271501 /* Entry.swift in Sources */ = {isa = PBXBuildFile; fileRef = 5BA6AAF7226F42B900FBB047 /* Entry.swift */; };
		6C5DF0AD22C0E96600271501 /* WebLogger.swift in Sources */ = {isa = PBXBuildFile; fileRef = D32E659220D15A5C00698F3E /* WebLogger.swift */; };
		6C5DF0AE22C0E96600271501 /* URLRequest+logDescription.swift in Sources */ = {isa = PBXBuildFile; fileRef = D32E659C20D15A7000698F3E /* URLRequest+logDescription.swift */; };
		6C5DF0AF22C0E96600271501 /* Data+Serialization.swift in Sources */ = {isa = PBXBuildFile; fileRef = 5BA6AAF8226F42B900FBB047 /* Data+Serialization.swift */; };
		6C5DF0B022C0E96600271501 /* JSONSerializable.swift in Sources */ = {isa = PBXBuildFile; fileRef = D32E659A20D15A6E00698F3E /* JSONSerializable.swift */; };
		6C5DF0B122C0E96600271501 /* Logging.swift in Sources */ = {isa = PBXBuildFile; fileRef = 5B3641A41DBFACF80034EF68 /* Logging.swift */; };
		6C5DF0B222C0E96600271501 /* DateExtension.swift in Sources */ = {isa = PBXBuildFile; fileRef = 5BEBBB181DC9EAC20055E453 /* DateExtension.swift */; };
		6C5DF0B322C0E96600271501 /* HTTPURLResponse+logDescription.swift in Sources */ = {isa = PBXBuildFile; fileRef = D32E659720D15A6B00698F3E /* HTTPURLResponse+logDescription.swift */; };
		6C5DF0B422C0E96600271501 /* Data+Compression.swift in Sources */ = {isa = PBXBuildFile; fileRef = 5BA6AAF6226F42B900FBB047 /* Data+Compression.swift */; };
		6C5DF0B522C0E96600271501 /* JSONParser.swift in Sources */ = {isa = PBXBuildFile; fileRef = D32E659420D15A6900698F3E /* JSONParser.swift */; };
		6C5DF0B622C0E96600271501 /* ConsoleLogger.swift in Sources */ = {isa = PBXBuildFile; fileRef = 5BDA79CC1DBFB6CF00930ABA /* ConsoleLogger.swift */; };
		6C5DF0B722C0E96600271501 /* ApiFactory.swift in Sources */ = {isa = PBXBuildFile; fileRef = D32E659520D15A6A00698F3E /* ApiFactory.swift */; };
		6C5DF0B822C0E96600271501 /* SystemLogger.swift in Sources */ = {isa = PBXBuildFile; fileRef = 5B16551A1EE585E0000D4652 /* SystemLogger.swift */; };
		6C5DF0B922C0E96600271501 /* ApiError.swift in Sources */ = {isa = PBXBuildFile; fileRef = D32E659B20D15A6F00698F3E /* ApiError.swift */; };
		6C5DF0BA22C0E96600271501 /* JSONParseable.swift in Sources */ = {isa = PBXBuildFile; fileRef = D32E659D20D15A7100698F3E /* JSONParseable.swift */; };
		6C5DF0BB22C0E96600271501 /* FileLogger.swift in Sources */ = {isa = PBXBuildFile; fileRef = 5B2782511DC9F72A00525431 /* FileLogger.swift */; };
		6C5DF0BC22C0E96600271501 /* FileManager+ZIP.swift in Sources */ = {isa = PBXBuildFile; fileRef = 5BA6AAFA226F42B900FBB047 /* FileManager+ZIP.swift */; };
		6C5DF0BE22C0E96600271501 /* Archive.swift in Sources */ = {isa = PBXBuildFile; fileRef = 5BA6AAFB226F42BA00FBB047 /* Archive.swift */; };
		6C5DF0BF22C0E96600271501 /* LogManager.swift in Sources */ = {isa = PBXBuildFile; fileRef = 5B3641A61DBFAD5D0034EF68 /* LogManager.swift */; };
		6C5DF0C022C0E96600271501 /* WebLoggerApi.swift in Sources */ = {isa = PBXBuildFile; fileRef = D32E659820D15A6C00698F3E /* WebLoggerApi.swift */; };
		6C5DF0C222C0E96600271501 /* Archive+Writing.swift in Sources */ = {isa = PBXBuildFile; fileRef = 5BA6AAF5226F42B900FBB047 /* Archive+Writing.swift */; };
		6C5DF0C322C0E96600271501 /* DateHelper.swift in Sources */ = {isa = PBXBuildFile; fileRef = D3405D4F1F4C494200A1987F /* DateHelper.swift */; };
		6C5DF0C422C0E96600271501 /* FileLoggerManager.swift in Sources */ = {isa = PBXBuildFile; fileRef = 5B35E35D1DC0C87300C7E679 /* FileLoggerManager.swift */; };
		6C5DF0C522C0E96600271501 /* Archive+Reading.swift in Sources */ = {isa = PBXBuildFile; fileRef = 5BA6AAF9226F42B900FBB047 /* Archive+Reading.swift */; };
		6C5DF0C622C0E96600271501 /* Level.swift in Sources */ = {isa = PBXBuildFile; fileRef = 5B3641A21DBFAC810034EF68 /* Level.swift */; };
		6C5DF0C722C0E96600271501 /* QuantiLoggerConstants.swift in Sources */ = {isa = PBXBuildFile; fileRef = 5BAF4F231DC8DA35000379A4 /* QuantiLoggerConstants.swift */; };
		6C5DF0C822C0E96600271501 /* BaseApi.swift in Sources */ = {isa = PBXBuildFile; fileRef = D32E659620D15A6B00698F3E /* BaseApi.swift */; };
		6C5DF0CA22C0E96600271501 /* MetaInformationLogger.swift in Sources */ = {isa = PBXBuildFile; fileRef = 5B1E989D20974F9000855C80 /* MetaInformationLogger.swift */; };
		6C5DF0CC22C0E96600271501 /* HttpMethod.swift in Sources */ = {isa = PBXBuildFile; fileRef = D32E659920D15A6D00698F3E /* HttpMethod.swift */; };
		6C5DF0CD22C0E96600271501 /* LogFileRecord.swift in Sources */ = {isa = PBXBuildFile; fileRef = 5BA3645C1DD0EDD10017F9EB /* LogFileRecord.swift */; };
		6C5DF0DD22C0EED600271501 /* ApplicationCallbackLogger.swift in Sources */ = {isa = PBXBuildFile; fileRef = 5BF451371FF568A500E18215 /* ApplicationCallbackLogger.swift */; };
		6C5DF0E322C103F600271501 /* QuantiLoggerMac.h in Headers */ = {isa = PBXBuildFile; fileRef = 6CA969E222C0E4FC009185F6 /* QuantiLoggerMac.h */; settings = {ATTRIBUTES = (Public, ); }; };
		6CF70E3922CB6AA60058D080 /* LogFilesViaMailViewController.swift in Sources */ = {isa = PBXBuildFile; fileRef = 6C07CA8422CA6C730009203A /* LogFilesViaMailViewController.swift */; };
		9C6F8ECC23A0EE170098FA4C /* RxCocoa.framework in Frameworks */ = {isa = PBXBuildFile; fileRef = 9C6F8ECB23A0EE170098FA4C /* RxCocoa.framework */; platformFilter = ios; };
		9C6F8ED023A0EE240098FA4C /* RxSwift.framework in Frameworks */ = {isa = PBXBuildFile; fileRef = 9C6F8ECF23A0EE240098FA4C /* RxSwift.framework */; platformFilter = ios; };
		9C6F8ED523A0F0210098FA4C /* RxTest.framework in Frameworks */ = {isa = PBXBuildFile; fileRef = 9C6F8ED123A0EE2B0098FA4C /* RxTest.framework */; };
		9C6F8ED723A0F02B0098FA4C /* RxRelay.framework in Frameworks */ = {isa = PBXBuildFile; fileRef = 9C6F8ECD23A0EE1E0098FA4C /* RxRelay.framework */; };
		D32E659320D15A5C00698F3E /* WebLogger.swift in Sources */ = {isa = PBXBuildFile; fileRef = D32E659220D15A5C00698F3E /* WebLogger.swift */; };
		D32E659E20D15A7100698F3E /* JSONParser.swift in Sources */ = {isa = PBXBuildFile; fileRef = D32E659420D15A6900698F3E /* JSONParser.swift */; };
		D32E659F20D15A7100698F3E /* ApiFactory.swift in Sources */ = {isa = PBXBuildFile; fileRef = D32E659520D15A6A00698F3E /* ApiFactory.swift */; };
		D32E65A020D15A7100698F3E /* BaseApi.swift in Sources */ = {isa = PBXBuildFile; fileRef = D32E659620D15A6B00698F3E /* BaseApi.swift */; };
		D32E65A120D15A7100698F3E /* HTTPURLResponse+logDescription.swift in Sources */ = {isa = PBXBuildFile; fileRef = D32E659720D15A6B00698F3E /* HTTPURLResponse+logDescription.swift */; };
		D32E65A220D15A7100698F3E /* WebLoggerApi.swift in Sources */ = {isa = PBXBuildFile; fileRef = D32E659820D15A6C00698F3E /* WebLoggerApi.swift */; };
		D32E65A320D15A7100698F3E /* HttpMethod.swift in Sources */ = {isa = PBXBuildFile; fileRef = D32E659920D15A6D00698F3E /* HttpMethod.swift */; };
		D32E65A420D15A7100698F3E /* JSONSerializable.swift in Sources */ = {isa = PBXBuildFile; fileRef = D32E659A20D15A6E00698F3E /* JSONSerializable.swift */; };
		D32E65A520D15A7100698F3E /* ApiError.swift in Sources */ = {isa = PBXBuildFile; fileRef = D32E659B20D15A6F00698F3E /* ApiError.swift */; };
		D32E65A620D15A7100698F3E /* URLRequest+logDescription.swift in Sources */ = {isa = PBXBuildFile; fileRef = D32E659C20D15A7000698F3E /* URLRequest+logDescription.swift */; };
		D32E65A720D15A7100698F3E /* JSONParseable.swift in Sources */ = {isa = PBXBuildFile; fileRef = D32E659D20D15A7100698F3E /* JSONParseable.swift */; };
		D3405D501F4C494200A1987F /* DateHelper.swift in Sources */ = {isa = PBXBuildFile; fileRef = D3405D4F1F4C494200A1987F /* DateHelper.swift */; };
		D3A03D141F4AD5D300B0F50C /* QuantiLoggerPerformanceTests.swift in Sources */ = {isa = PBXBuildFile; fileRef = D3A03D131F4AD5D300B0F50C /* QuantiLoggerPerformanceTests.swift */; };
/* End PBXBuildFile section */

/* Begin PBXContainerItemProxy section */
		5B3641931DBFA4650034EF68 /* PBXContainerItemProxy */ = {
			isa = PBXContainerItemProxy;
			containerPortal = 5B36417F1DBFA4640034EF68 /* Project object */;
			proxyType = 1;
			remoteGlobalIDString = 5B3641871DBFA4650034EF68;
			remoteInfo = QuantiLogger;
		};
		5BF9571E1F5ECF1D00F88F9B /* PBXContainerItemProxy */ = {
			isa = PBXContainerItemProxy;
			containerPortal = 5B36417F1DBFA4640034EF68 /* Project object */;
			proxyType = 1;
			remoteGlobalIDString = 5BF956FE1F5ECF1C00F88F9B;
			remoteInfo = QuantiLoggerExample;
		};
/* End PBXContainerItemProxy section */

/* Begin PBXFileReference section */
		5B07490B23A0F2A100887C7C /* RxSwift.framework */ = {isa = PBXFileReference; lastKnownFileType = wrapper.framework; name = RxSwift.framework; path = Carthage/Build/Mac/RxSwift.framework; sourceTree = SOURCE_ROOT; };
		5B16551A1EE585E0000D4652 /* SystemLogger.swift */ = {isa = PBXFileReference; fileEncoding = 4; lastKnownFileType = sourcecode.swift; path = SystemLogger.swift; sourceTree = "<group>"; };
		5B1E989D20974F9000855C80 /* MetaInformationLogger.swift */ = {isa = PBXFileReference; lastKnownFileType = sourcecode.swift; path = MetaInformationLogger.swift; sourceTree = "<group>"; };
		5B2782511DC9F72A00525431 /* FileLogger.swift */ = {isa = PBXFileReference; fileEncoding = 4; lastKnownFileType = sourcecode.swift; path = FileLogger.swift; sourceTree = "<group>"; };
		5B35E35D1DC0C87300C7E679 /* FileLoggerManager.swift */ = {isa = PBXFileReference; fileEncoding = 4; lastKnownFileType = sourcecode.swift; path = FileLoggerManager.swift; sourceTree = "<group>"; };
		5B3641881DBFA4650034EF68 /* QuantiLogger.framework */ = {isa = PBXFileReference; explicitFileType = wrapper.framework; includeInIndex = 0; path = QuantiLogger.framework; sourceTree = BUILT_PRODUCTS_DIR; };
		5B36418B1DBFA4650034EF68 /* QuantiLogger.h */ = {isa = PBXFileReference; lastKnownFileType = sourcecode.c.h; name = QuantiLogger.h; path = ios/QuantiLogger.h; sourceTree = "<group>"; };
		5B36418C1DBFA4650034EF68 /* Info.plist */ = {isa = PBXFileReference; lastKnownFileType = text.plist.xml; name = Info.plist; path = ios/Info.plist; sourceTree = "<group>"; };
		5B3641911DBFA4650034EF68 /* QuantiLoggerTests.xctest */ = {isa = PBXFileReference; explicitFileType = wrapper.cfbundle; includeInIndex = 0; path = QuantiLoggerTests.xctest; sourceTree = BUILT_PRODUCTS_DIR; };
		5B3641961DBFA4650034EF68 /* QuantiLoggerTests.swift */ = {isa = PBXFileReference; lastKnownFileType = sourcecode.swift; path = QuantiLoggerTests.swift; sourceTree = "<group>"; };
		5B3641981DBFA4650034EF68 /* Info.plist */ = {isa = PBXFileReference; lastKnownFileType = text.plist.xml; path = Info.plist; sourceTree = "<group>"; };
		5B3641A21DBFAC810034EF68 /* Level.swift */ = {isa = PBXFileReference; fileEncoding = 4; lastKnownFileType = sourcecode.swift; name = Level.swift; path = common/Level.swift; sourceTree = "<group>"; };
		5B3641A41DBFACF80034EF68 /* Logging.swift */ = {isa = PBXFileReference; fileEncoding = 4; lastKnownFileType = sourcecode.swift; path = Logging.swift; sourceTree = "<group>"; };
		5B3641A61DBFAD5D0034EF68 /* LogManager.swift */ = {isa = PBXFileReference; fileEncoding = 4; lastKnownFileType = sourcecode.swift; name = LogManager.swift; path = common/LogManager.swift; sourceTree = "<group>"; };
		5BA3645A1DD0EC160017F9EB /* FileLoggerTableViewDatasource.swift */ = {isa = PBXFileReference; fileEncoding = 4; lastKnownFileType = sourcecode.swift; path = FileLoggerTableViewDatasource.swift; sourceTree = "<group>"; };
		5BA3645C1DD0EDD10017F9EB /* LogFileRecord.swift */ = {isa = PBXFileReference; fileEncoding = 4; lastKnownFileType = sourcecode.swift; path = LogFileRecord.swift; sourceTree = "<group>"; };
		5BA6AAF5226F42B900FBB047 /* Archive+Writing.swift */ = {isa = PBXFileReference; fileEncoding = 4; lastKnownFileType = sourcecode.swift; path = "Archive+Writing.swift"; sourceTree = "<group>"; };
		5BA6AAF6226F42B900FBB047 /* Data+Compression.swift */ = {isa = PBXFileReference; fileEncoding = 4; lastKnownFileType = sourcecode.swift; path = "Data+Compression.swift"; sourceTree = "<group>"; };
		5BA6AAF7226F42B900FBB047 /* Entry.swift */ = {isa = PBXFileReference; fileEncoding = 4; lastKnownFileType = sourcecode.swift; path = Entry.swift; sourceTree = "<group>"; };
		5BA6AAF8226F42B900FBB047 /* Data+Serialization.swift */ = {isa = PBXFileReference; fileEncoding = 4; lastKnownFileType = sourcecode.swift; path = "Data+Serialization.swift"; sourceTree = "<group>"; };
		5BA6AAF9226F42B900FBB047 /* Archive+Reading.swift */ = {isa = PBXFileReference; fileEncoding = 4; lastKnownFileType = sourcecode.swift; path = "Archive+Reading.swift"; sourceTree = "<group>"; };
		5BA6AAFA226F42B900FBB047 /* FileManager+ZIP.swift */ = {isa = PBXFileReference; fileEncoding = 4; lastKnownFileType = sourcecode.swift; path = "FileManager+ZIP.swift"; sourceTree = "<group>"; };
		5BA6AAFB226F42BA00FBB047 /* Archive.swift */ = {isa = PBXFileReference; fileEncoding = 4; lastKnownFileType = sourcecode.swift; path = Archive.swift; sourceTree = "<group>"; };
		5BAF4F231DC8DA35000379A4 /* QuantiLoggerConstants.swift */ = {isa = PBXFileReference; fileEncoding = 4; lastKnownFileType = sourcecode.swift; path = QuantiLoggerConstants.swift; sourceTree = "<group>"; };
		5BDA79CC1DBFB6CF00930ABA /* ConsoleLogger.swift */ = {isa = PBXFileReference; fileEncoding = 4; lastKnownFileType = sourcecode.swift; path = ConsoleLogger.swift; sourceTree = "<group>"; };
		5BEBBB181DC9EAC20055E453 /* DateExtension.swift */ = {isa = PBXFileReference; fileEncoding = 4; lastKnownFileType = sourcecode.swift; path = DateExtension.swift; sourceTree = "<group>"; };
		5BF451371FF568A500E18215 /* ApplicationCallbackLogger.swift */ = {isa = PBXFileReference; lastKnownFileType = sourcecode.swift; path = ApplicationCallbackLogger.swift; sourceTree = "<group>"; };
		5BF956FF1F5ECF1C00F88F9B /* QuantiLoggerExample.app */ = {isa = PBXFileReference; explicitFileType = wrapper.application; includeInIndex = 0; path = QuantiLoggerExample.app; sourceTree = BUILT_PRODUCTS_DIR; };
		5BF957011F5ECF1C00F88F9B /* AppDelegate.swift */ = {isa = PBXFileReference; lastKnownFileType = sourcecode.swift; path = AppDelegate.swift; sourceTree = "<group>"; };
		5BF957081F5ECF1C00F88F9B /* Assets.xcassets */ = {isa = PBXFileReference; lastKnownFileType = folder.assetcatalog; path = Assets.xcassets; sourceTree = "<group>"; };
		5BF9570D1F5ECF1C00F88F9B /* Info.plist */ = {isa = PBXFileReference; lastKnownFileType = text.plist.xml; path = Info.plist; sourceTree = "<group>"; };
		5BF9571D1F5ECF1D00F88F9B /* QuantiLoggerExampleUITests.xctest */ = {isa = PBXFileReference; explicitFileType = wrapper.cfbundle; includeInIndex = 0; path = QuantiLoggerExampleUITests.xctest; sourceTree = BUILT_PRODUCTS_DIR; };
		5BF957211F5ECF1D00F88F9B /* QuantiLoggerExampleUITests.swift */ = {isa = PBXFileReference; lastKnownFileType = sourcecode.swift; path = QuantiLoggerExampleUITests.swift; sourceTree = "<group>"; };
		5BF957231F5ECF1D00F88F9B /* Info.plist */ = {isa = PBXFileReference; lastKnownFileType = text.plist.xml; path = Info.plist; sourceTree = "<group>"; };
		5BF9572E1F5ED18D00F88F9B /* MainTabBarController.swift */ = {isa = PBXFileReference; fileEncoding = 4; lastKnownFileType = sourcecode.swift; path = MainTabBarController.swift; sourceTree = "<group>"; };
		5BF957301F5ED1E100F88F9B /* LogListTableViewController.swift */ = {isa = PBXFileReference; fileEncoding = 4; lastKnownFileType = sourcecode.swift; path = LogListTableViewController.swift; sourceTree = "<group>"; };
		5BF957321F5ED1F500F88F9B /* SendLogFilesViaMailViewController.swift */ = {isa = PBXFileReference; fileEncoding = 4; lastKnownFileType = sourcecode.swift; path = SendLogFilesViaMailViewController.swift; sourceTree = "<group>"; };
		5BFA877E1DD1F6B40063CB73 /* FileLoggerTableViewCell.swift */ = {isa = PBXFileReference; fileEncoding = 4; lastKnownFileType = sourcecode.swift; path = FileLoggerTableViewCell.swift; sourceTree = "<group>"; };
		6C07CA8422CA6C730009203A /* LogFilesViaMailViewController.swift */ = {isa = PBXFileReference; fileEncoding = 4; lastKnownFileType = sourcecode.swift; path = LogFilesViaMailViewController.swift; sourceTree = "<group>"; };
		6C5DF0D722C0E96600271501 /* QuantiLoggerMac.framework */ = {isa = PBXFileReference; explicitFileType = wrapper.framework; includeInIndex = 0; path = QuantiLoggerMac.framework; sourceTree = BUILT_PRODUCTS_DIR; };
		6CA969E222C0E4FC009185F6 /* QuantiLoggerMac.h */ = {isa = PBXFileReference; lastKnownFileType = sourcecode.c.h; name = QuantiLoggerMac.h; path = mac/QuantiLoggerMac.h; sourceTree = "<group>"; };
		6CA969E322C0E4FC009185F6 /* InfoMac.plist */ = {isa = PBXFileReference; lastKnownFileType = text.plist.xml; name = InfoMac.plist; path = mac/InfoMac.plist; sourceTree = "<group>"; };
		9C6F8EC923A0EE0F0098FA4C /* RxBlocking.framework */ = {isa = PBXFileReference; lastKnownFileType = wrapper.framework; name = RxBlocking.framework; path = Carthage/Build/iOS/RxBlocking.framework; sourceTree = SOURCE_ROOT; };
		9C6F8ECB23A0EE170098FA4C /* RxCocoa.framework */ = {isa = PBXFileReference; lastKnownFileType = wrapper.framework; name = RxCocoa.framework; path = Carthage/Build/iOS/RxCocoa.framework; sourceTree = SOURCE_ROOT; };
		9C6F8ECD23A0EE1E0098FA4C /* RxRelay.framework */ = {isa = PBXFileReference; lastKnownFileType = wrapper.framework; name = RxRelay.framework; path = Carthage/Build/iOS/RxRelay.framework; sourceTree = SOURCE_ROOT; };
		9C6F8ECF23A0EE240098FA4C /* RxSwift.framework */ = {isa = PBXFileReference; lastKnownFileType = wrapper.framework; name = RxSwift.framework; path = Carthage/Build/iOS/RxSwift.framework; sourceTree = SOURCE_ROOT; };
		9C6F8ED123A0EE2B0098FA4C /* RxTest.framework */ = {isa = PBXFileReference; lastKnownFileType = wrapper.framework; name = RxTest.framework; path = Carthage/Build/iOS/RxTest.framework; sourceTree = SOURCE_ROOT; };
		9C6F8ED323A0EE300098FA4C /* RxAtomic.framework */ = {isa = PBXFileReference; lastKnownFileType = wrapper.framework; name = RxAtomic.framework; path = Carthage/Build/iOS/RxAtomic.framework; sourceTree = SOURCE_ROOT; };
		D32E659220D15A5C00698F3E /* WebLogger.swift */ = {isa = PBXFileReference; fileEncoding = 4; lastKnownFileType = sourcecode.swift; path = WebLogger.swift; sourceTree = "<group>"; };
		D32E659420D15A6900698F3E /* JSONParser.swift */ = {isa = PBXFileReference; fileEncoding = 4; lastKnownFileType = sourcecode.swift; path = JSONParser.swift; sourceTree = "<group>"; };
		D32E659520D15A6A00698F3E /* ApiFactory.swift */ = {isa = PBXFileReference; fileEncoding = 4; lastKnownFileType = sourcecode.swift; path = ApiFactory.swift; sourceTree = "<group>"; };
		D32E659620D15A6B00698F3E /* BaseApi.swift */ = {isa = PBXFileReference; fileEncoding = 4; lastKnownFileType = sourcecode.swift; path = BaseApi.swift; sourceTree = "<group>"; };
		D32E659720D15A6B00698F3E /* HTTPURLResponse+logDescription.swift */ = {isa = PBXFileReference; fileEncoding = 4; lastKnownFileType = sourcecode.swift; path = "HTTPURLResponse+logDescription.swift"; sourceTree = "<group>"; };
		D32E659820D15A6C00698F3E /* WebLoggerApi.swift */ = {isa = PBXFileReference; fileEncoding = 4; lastKnownFileType = sourcecode.swift; path = WebLoggerApi.swift; sourceTree = "<group>"; };
		D32E659920D15A6D00698F3E /* HttpMethod.swift */ = {isa = PBXFileReference; fileEncoding = 4; lastKnownFileType = sourcecode.swift; path = HttpMethod.swift; sourceTree = "<group>"; };
		D32E659A20D15A6E00698F3E /* JSONSerializable.swift */ = {isa = PBXFileReference; fileEncoding = 4; lastKnownFileType = sourcecode.swift; path = JSONSerializable.swift; sourceTree = "<group>"; };
		D32E659B20D15A6F00698F3E /* ApiError.swift */ = {isa = PBXFileReference; fileEncoding = 4; lastKnownFileType = sourcecode.swift; path = ApiError.swift; sourceTree = "<group>"; };
		D32E659C20D15A7000698F3E /* URLRequest+logDescription.swift */ = {isa = PBXFileReference; fileEncoding = 4; lastKnownFileType = sourcecode.swift; path = "URLRequest+logDescription.swift"; sourceTree = "<group>"; };
		D32E659D20D15A7100698F3E /* JSONParseable.swift */ = {isa = PBXFileReference; fileEncoding = 4; lastKnownFileType = sourcecode.swift; path = JSONParseable.swift; sourceTree = "<group>"; };
		D3405D4F1F4C494200A1987F /* DateHelper.swift */ = {isa = PBXFileReference; fileEncoding = 4; lastKnownFileType = sourcecode.swift; path = DateHelper.swift; sourceTree = "<group>"; };
		D3A03D131F4AD5D300B0F50C /* QuantiLoggerPerformanceTests.swift */ = {isa = PBXFileReference; fileEncoding = 4; lastKnownFileType = sourcecode.swift; path = QuantiLoggerPerformanceTests.swift; sourceTree = "<group>"; };
/* End PBXFileReference section */

/* Begin PBXFrameworksBuildPhase section */
		5B3641841DBFA4650034EF68 /* Frameworks */ = {
			isa = PBXFrameworksBuildPhase;
			buildActionMask = 2147483647;
			files = (
				9C6F8ED023A0EE240098FA4C /* RxSwift.framework in Frameworks */,
				9C6F8ECC23A0EE170098FA4C /* RxCocoa.framework in Frameworks */,
			);
			runOnlyForDeploymentPostprocessing = 0;
		};
		5B36418E1DBFA4650034EF68 /* Frameworks */ = {
			isa = PBXFrameworksBuildPhase;
			buildActionMask = 2147483647;
			files = (
				9C6F8ED523A0F0210098FA4C /* RxTest.framework in Frameworks */,
				5B27824A1DC9F1AD00525431 /* QuantiLogger.framework in Frameworks */,
				9C6F8ED723A0F02B0098FA4C /* RxRelay.framework in Frameworks */,
			);
			runOnlyForDeploymentPostprocessing = 0;
		};
		5BF956FC1F5ECF1C00F88F9B /* Frameworks */ = {
			isa = PBXFrameworksBuildPhase;
			buildActionMask = 2147483647;
			files = (
			);
			runOnlyForDeploymentPostprocessing = 0;
		};
		5BF9571A1F5ECF1D00F88F9B /* Frameworks */ = {
			isa = PBXFrameworksBuildPhase;
			buildActionMask = 2147483647;
			files = (
			);
			runOnlyForDeploymentPostprocessing = 0;
		};
		6C5DF0CE22C0E96600271501 /* Frameworks */ = {
			isa = PBXFrameworksBuildPhase;
			buildActionMask = 2147483647;
			files = (
				5B07491423A0F46B00887C7C /* RxSwift.framework in Frameworks */,
			);
			runOnlyForDeploymentPostprocessing = 0;
		};
/* End PBXFrameworksBuildPhase section */

/* Begin PBXGroup section */
		5B1655191EE585CB000D4652 /* SystemLogger */ = {
			isa = PBXGroup;
			children = (
				5B16551A1EE585E0000D4652 /* SystemLogger.swift */,
			);
			name = SystemLogger;
			sourceTree = "<group>";
		};
		5B1E98A42098AB5200855C80 /* Base */ = {
			isa = PBXGroup;
			children = (
				5B3641A41DBFACF80034EF68 /* Logging.swift */,
			);
			name = Base;
			sourceTree = "<group>";
		};
		5B35E35A1DC0A82400C7E679 /* SupportingFiles */ = {
			isa = PBXGroup;
			children = (
				5B36418C1DBFA4650034EF68 /* Info.plist */,
				5B36418B1DBFA4650034EF68 /* QuantiLogger.h */,
				6CA969E222C0E4FC009185F6 /* QuantiLoggerMac.h */,
				6CA969E322C0E4FC009185F6 /* InfoMac.plist */,
			);
			name = SupportingFiles;
			sourceTree = "<group>";
		};
		5B35E35B1DC0A83900C7E679 /* Tests */ = {
			isa = PBXGroup;
			children = (
				5B3641961DBFA4650034EF68 /* QuantiLoggerTests.swift */,
				D3A03D131F4AD5D300B0F50C /* QuantiLoggerPerformanceTests.swift */,
			);
			name = Tests;
			sourceTree = "<group>";
		};
		5B35E35C1DC0A84D00C7E679 /* Loggers */ = {
			isa = PBXGroup;
			children = (
				5B1E989D20974F9000855C80 /* MetaInformationLogger.swift */,
				5BF451371FF568A500E18215 /* ApplicationCallbackLogger.swift */,
				5B1E98A42098AB5200855C80 /* Base */,
				5B1655191EE585CB000D4652 /* SystemLogger */,
				5BC00C981DC77C2100C3B89D /* FileLogger */,
				5BC00C971DC77C1200C3B89D /* ConsoleLogger */,
				D32E659020D1541300698F3E /* WebLogger */,
			);
			name = Loggers;
			path = common;
			sourceTree = "<group>";
		};
		5B35E35F1DC0EF0F00C7E679 /* Basic */ = {
			isa = PBXGroup;
			children = (
				D3B4611920DBBFEE00F531D9 /* Api */,
				5BAF4F231DC8DA35000379A4 /* QuantiLoggerConstants.swift */,
				5B35E3601DC0EF1A00C7E679 /* Extensions */,
				D3405D4F1F4C494200A1987F /* DateHelper.swift */,
			);
			name = Basic;
			path = common;
			sourceTree = "<group>";
		};
		5B35E3601DC0EF1A00C7E679 /* Extensions */ = {
			isa = PBXGroup;
			children = (
				5BEBBB181DC9EAC20055E453 /* DateExtension.swift */,
			);
			name = Extensions;
			sourceTree = "<group>";
		};
		5B36417E1DBFA4640034EF68 = {
			isa = PBXGroup;
			children = (
				5B36418A1DBFA4650034EF68 /* QuantiLogger */,
				5B3641951DBFA4650034EF68 /* QuantiLoggerTests */,
				5BF957001F5ECF1C00F88F9B /* QuantiLoggerExample */,
				5BF957201F5ECF1D00F88F9B /* QuantiLoggerExampleUITests */,
				5B3641891DBFA4650034EF68 /* Products */,
				D3920BE7206D2BAE0054FE9F /* Frameworks */,
			);
			sourceTree = "<group>";
		};
		5B3641891DBFA4650034EF68 /* Products */ = {
			isa = PBXGroup;
			children = (
				5B3641881DBFA4650034EF68 /* QuantiLogger.framework */,
				5B3641911DBFA4650034EF68 /* QuantiLoggerTests.xctest */,
				5BF956FF1F5ECF1C00F88F9B /* QuantiLoggerExample.app */,
				5BF9571D1F5ECF1D00F88F9B /* QuantiLoggerExampleUITests.xctest */,
				6C5DF0D722C0E96600271501 /* QuantiLoggerMac.framework */,
			);
			name = Products;
			sourceTree = "<group>";
		};
		5B36418A1DBFA4650034EF68 /* QuantiLogger */ = {
			isa = PBXGroup;
			children = (
				5B35E35F1DC0EF0F00C7E679 /* Basic */,
				5B3641A21DBFAC810034EF68 /* Level.swift */,
				5B3641A61DBFAD5D0034EF68 /* LogManager.swift */,
				5B35E35C1DC0A84D00C7E679 /* Loggers */,
				5B35E35A1DC0A82400C7E679 /* SupportingFiles */,
			);
			path = QuantiLogger;
			sourceTree = "<group>";
		};
		5B3641951DBFA4650034EF68 /* QuantiLoggerTests */ = {
			isa = PBXGroup;
			children = (
				5B3641981DBFA4650034EF68 /* Info.plist */,
				5B35E35B1DC0A83900C7E679 /* Tests */,
			);
			path = QuantiLoggerTests;
			sourceTree = "<group>";
		};
		5BA6AAF4226F429400FBB047 /* Zip */ = {
			isa = PBXGroup;
			children = (
				5BA6AAFB226F42BA00FBB047 /* Archive.swift */,
				5BA6AAF9226F42B900FBB047 /* Archive+Reading.swift */,
				5BA6AAF5226F42B900FBB047 /* Archive+Writing.swift */,
				5BA6AAF6226F42B900FBB047 /* Data+Compression.swift */,
				5BA6AAF8226F42B900FBB047 /* Data+Serialization.swift */,
				5BA6AAF7226F42B900FBB047 /* Entry.swift */,
				5BA6AAFA226F42B900FBB047 /* FileManager+ZIP.swift */,
			);
			name = Zip;
			path = ../QuantiLogger/common/Zip;
			sourceTree = "<group>";
		};
		5BC00C971DC77C1200C3B89D /* ConsoleLogger */ = {
			isa = PBXGroup;
			children = (
				5BDA79CC1DBFB6CF00930ABA /* ConsoleLogger.swift */,
			);
			name = ConsoleLogger;
			sourceTree = "<group>";
		};
		5BC00C981DC77C2100C3B89D /* FileLogger */ = {
			isa = PBXGroup;
			children = (
				5BD5D7EE1DD3617A003AF2A7 /* LogFilesViaMail */,
				5BFA877D1DD1F68C0063CB73 /* TableViewDatasource */,
				5B35E35D1DC0C87300C7E679 /* FileLoggerManager.swift */,
				5B2782511DC9F72A00525431 /* FileLogger.swift */,
				5BA3645C1DD0EDD10017F9EB /* LogFileRecord.swift */,
			);
			name = FileLogger;
			sourceTree = "<group>";
		};
		5BD5D7EE1DD3617A003AF2A7 /* LogFilesViaMail */ = {
			isa = PBXGroup;
			children = (
				6C07CA8422CA6C730009203A /* LogFilesViaMailViewController.swift */,
			);
			name = LogFilesViaMail;
			path = ../ios;
			sourceTree = "<group>";
		};
		5BF957001F5ECF1C00F88F9B /* QuantiLoggerExample */ = {
			isa = PBXGroup;
			children = (
				5BF957011F5ECF1C00F88F9B /* AppDelegate.swift */,
				5BF9572E1F5ED18D00F88F9B /* MainTabBarController.swift */,
				5BF957301F5ED1E100F88F9B /* LogListTableViewController.swift */,
				5BF957321F5ED1F500F88F9B /* SendLogFilesViaMailViewController.swift */,
				5BF9572D1F5ECF3F00F88F9B /* SupportingFiles */,
			);
			path = QuantiLoggerExample;
			sourceTree = "<group>";
		};
		5BF957201F5ECF1D00F88F9B /* QuantiLoggerExampleUITests */ = {
			isa = PBXGroup;
			children = (
				5BF957211F5ECF1D00F88F9B /* QuantiLoggerExampleUITests.swift */,
				5BF957231F5ECF1D00F88F9B /* Info.plist */,
			);
			path = QuantiLoggerExampleUITests;
			sourceTree = "<group>";
		};
		5BF9572D1F5ECF3F00F88F9B /* SupportingFiles */ = {
			isa = PBXGroup;
			children = (
				5BF957081F5ECF1C00F88F9B /* Assets.xcassets */,
				5BF9570D1F5ECF1C00F88F9B /* Info.plist */,
			);
			name = SupportingFiles;
			sourceTree = "<group>";
		};
		5BFA877D1DD1F68C0063CB73 /* TableViewDatasource */ = {
			isa = PBXGroup;
			children = (
				5BA3645A1DD0EC160017F9EB /* FileLoggerTableViewDatasource.swift */,
				5BFA877E1DD1F6B40063CB73 /* FileLoggerTableViewCell.swift */,
			);
			name = TableViewDatasource;
			path = ../ios;
			sourceTree = "<group>";
		};
		D32E659020D1541300698F3E /* WebLogger */ = {
			isa = PBXGroup;
			children = (
				D32E659220D15A5C00698F3E /* WebLogger.swift */,
				D32E659820D15A6C00698F3E /* WebLoggerApi.swift */,
			);
			name = WebLogger;
			sourceTree = "<group>";
		};
		D3920BE7206D2BAE0054FE9F /* Frameworks */ = {
			isa = PBXGroup;
			children = (
				5B07490B23A0F2A100887C7C /* RxSwift.framework */,
				9C6F8ED323A0EE300098FA4C /* RxAtomic.framework */,
				9C6F8ED123A0EE2B0098FA4C /* RxTest.framework */,
				9C6F8ECF23A0EE240098FA4C /* RxSwift.framework */,
				9C6F8ECD23A0EE1E0098FA4C /* RxRelay.framework */,
				9C6F8ECB23A0EE170098FA4C /* RxCocoa.framework */,
				9C6F8EC923A0EE0F0098FA4C /* RxBlocking.framework */,
				5BA6AAF4226F429400FBB047 /* Zip */,
			);
			name = Frameworks;
			path = Zip;
			sourceTree = "<group>";
		};
		D3B4611920DBBFEE00F531D9 /* Api */ = {
			isa = PBXGroup;
			children = (
				D32E659B20D15A6F00698F3E /* ApiError.swift */,
				D32E659520D15A6A00698F3E /* ApiFactory.swift */,
				D32E659620D15A6B00698F3E /* BaseApi.swift */,
				D32E659920D15A6D00698F3E /* HttpMethod.swift */,
				D32E659720D15A6B00698F3E /* HTTPURLResponse+logDescription.swift */,
				D32E659D20D15A7100698F3E /* JSONParseable.swift */,
				D32E659420D15A6900698F3E /* JSONParser.swift */,
				D32E659A20D15A6E00698F3E /* JSONSerializable.swift */,
				D32E659C20D15A7000698F3E /* URLRequest+logDescription.swift */,
			);
			name = Api;
			sourceTree = "<group>";
		};
/* End PBXGroup section */

/* Begin PBXHeadersBuildPhase section */
		5B3641851DBFA4650034EF68 /* Headers */ = {
			isa = PBXHeadersBuildPhase;
			buildActionMask = 2147483647;
			files = (
				5B3641991DBFA4650034EF68 /* QuantiLogger.h in Headers */,
			);
			runOnlyForDeploymentPostprocessing = 0;
		};
		6C5DF0D122C0E96600271501 /* Headers */ = {
			isa = PBXHeadersBuildPhase;
			buildActionMask = 2147483647;
			files = (
				6C5DF0E322C103F600271501 /* QuantiLoggerMac.h in Headers */,
			);
			runOnlyForDeploymentPostprocessing = 0;
		};
/* End PBXHeadersBuildPhase section */

/* Begin PBXNativeTarget section */
		5B3641871DBFA4650034EF68 /* QuantiLogger */ = {
			isa = PBXNativeTarget;
			buildConfigurationList = 5B36419C1DBFA4650034EF68 /* Build configuration list for PBXNativeTarget "QuantiLogger" */;
			buildPhases = (
				D3405D511F4C7CB700A1987F /* ShellScript */,
				5B3641831DBFA4650034EF68 /* Sources */,
				5B3641841DBFA4650034EF68 /* Frameworks */,
				5B3641851DBFA4650034EF68 /* Headers */,
				5B3641861DBFA4650034EF68 /* Resources */,
			);
			buildRules = (
			);
			dependencies = (
			);
			name = QuantiLogger;
			productName = QuantiLogger;
			productReference = 5B3641881DBFA4650034EF68 /* QuantiLogger.framework */;
			productType = "com.apple.product-type.framework";
		};
		5B3641901DBFA4650034EF68 /* QuantiLoggerTests */ = {
			isa = PBXNativeTarget;
			buildConfigurationList = 5B36419F1DBFA4650034EF68 /* Build configuration list for PBXNativeTarget "QuantiLoggerTests" */;
			buildPhases = (
				5B36418D1DBFA4650034EF68 /* Sources */,
				5B36418E1DBFA4650034EF68 /* Frameworks */,
				5B36418F1DBFA4650034EF68 /* Resources */,
			);
			buildRules = (
			);
			dependencies = (
				5B3641941DBFA4650034EF68 /* PBXTargetDependency */,
			);
			name = QuantiLoggerTests;
			productName = QuantiLoggerTests;
			productReference = 5B3641911DBFA4650034EF68 /* QuantiLoggerTests.xctest */;
			productType = "com.apple.product-type.bundle.unit-test";
		};
		5BF956FE1F5ECF1C00F88F9B /* QuantiLoggerExample */ = {
			isa = PBXNativeTarget;
			buildConfigurationList = 5BF957241F5ECF1D00F88F9B /* Build configuration list for PBXNativeTarget "QuantiLoggerExample" */;
			buildPhases = (
				9C30BA1B239EA7280046008F /* ShellScript */,
				5BF956FB1F5ECF1C00F88F9B /* Sources */,
				5BF956FC1F5ECF1C00F88F9B /* Frameworks */,
				5BF956FD1F5ECF1C00F88F9B /* Resources */,
			);
			buildRules = (
			);
			dependencies = (
			);
			name = QuantiLoggerExample;
			productName = QuantiLoggerExample;
			productReference = 5BF956FF1F5ECF1C00F88F9B /* QuantiLoggerExample.app */;
			productType = "com.apple.product-type.application";
		};
		5BF9571C1F5ECF1D00F88F9B /* QuantiLoggerExampleUITests */ = {
			isa = PBXNativeTarget;
			buildConfigurationList = 5BF9572A1F5ECF1D00F88F9B /* Build configuration list for PBXNativeTarget "QuantiLoggerExampleUITests" */;
			buildPhases = (
				5BF957191F5ECF1D00F88F9B /* Sources */,
				5BF9571A1F5ECF1D00F88F9B /* Frameworks */,
				5BF9571B1F5ECF1D00F88F9B /* Resources */,
			);
			buildRules = (
			);
			dependencies = (
				5BF9571F1F5ECF1D00F88F9B /* PBXTargetDependency */,
			);
			name = QuantiLoggerExampleUITests;
			productName = QuantiLoggerExampleUITests;
			productReference = 5BF9571D1F5ECF1D00F88F9B /* QuantiLoggerExampleUITests.xctest */;
			productType = "com.apple.product-type.bundle.ui-testing";
		};
		6C5DF0A922C0E96600271501 /* QuantiLoggerMac */ = {
			isa = PBXNativeTarget;
			buildConfigurationList = 6C5DF0D422C0E96600271501 /* Build configuration list for PBXNativeTarget "QuantiLoggerMac" */;
			buildPhases = (
				6C5DF0AA22C0E96600271501 /* ShellScript */,
				6C5DF0AB22C0E96600271501 /* Sources */,
				6C5DF0CE22C0E96600271501 /* Frameworks */,
				6C5DF0D122C0E96600271501 /* Headers */,
				6C5DF0D322C0E96600271501 /* Resources */,
			);
			buildRules = (
			);
			dependencies = (
			);
			name = QuantiLoggerMac;
			productName = QuantiLogger;
			productReference = 6C5DF0D722C0E96600271501 /* QuantiLoggerMac.framework */;
			productType = "com.apple.product-type.framework";
		};
/* End PBXNativeTarget section */

/* Begin PBXProject section */
		5B36417F1DBFA4640034EF68 /* Project object */ = {
			isa = PBXProject;
			attributes = {
				LastSwiftUpdateCheck = 0830;
				LastUpgradeCheck = 1020;
				ORGANIZATIONNAME = quanti;
				TargetAttributes = {
					5B3641871DBFA4650034EF68 = {
						CreatedOnToolsVersion = 8.0;
						DevelopmentTeam = 97DXWGRCGZ;
						LastSwiftMigration = 1020;
						ProvisioningStyle = Automatic;
					};
					5B3641901DBFA4650034EF68 = {
						CreatedOnToolsVersion = 8.0;
						DevelopmentTeam = 2PY9RKK8A7;
						LastSwiftMigration = 1020;
						ProvisioningStyle = Automatic;
					};
					5BF956FE1F5ECF1C00F88F9B = {
						CreatedOnToolsVersion = 8.3.3;
						DevelopmentTeam = 8JH59DJ45H;
						LastSwiftMigration = 0900;
						ProvisioningStyle = Automatic;
					};
					5BF9571C1F5ECF1D00F88F9B = {
						CreatedOnToolsVersion = 8.3.3;
						DevelopmentTeam = 2PY9RKK8A7;
						LastSwiftMigration = 1020;
						ProvisioningStyle = Automatic;
						TestTargetID = 5BF956FE1F5ECF1C00F88F9B;
					};
					6C5DF0A922C0E96600271501 = {
						DevelopmentTeam = 97DXWGRCGZ;
					};
				};
			};
			buildConfigurationList = 5B3641821DBFA4640034EF68 /* Build configuration list for PBXProject "QuantiLogger" */;
			compatibilityVersion = "Xcode 3.2";
			developmentRegion = en;
			hasScannedForEncodings = 0;
			knownRegions = (
				en,
				Base,
			);
			mainGroup = 5B36417E1DBFA4640034EF68;
			productRefGroup = 5B3641891DBFA4650034EF68 /* Products */;
			projectDirPath = "";
			projectRoot = "";
			targets = (
				5B3641871DBFA4650034EF68 /* QuantiLogger */,
				6C5DF0A922C0E96600271501 /* QuantiLoggerMac */,
				5B3641901DBFA4650034EF68 /* QuantiLoggerTests */,
				5BF956FE1F5ECF1C00F88F9B /* QuantiLoggerExample */,
				5BF9571C1F5ECF1D00F88F9B /* QuantiLoggerExampleUITests */,
			);
		};
/* End PBXProject section */

/* Begin PBXResourcesBuildPhase section */
		5B3641861DBFA4650034EF68 /* Resources */ = {
			isa = PBXResourcesBuildPhase;
			buildActionMask = 2147483647;
			files = (
			);
			runOnlyForDeploymentPostprocessing = 0;
		};
		5B36418F1DBFA4650034EF68 /* Resources */ = {
			isa = PBXResourcesBuildPhase;
			buildActionMask = 2147483647;
			files = (
			);
			runOnlyForDeploymentPostprocessing = 0;
		};
		5BF956FD1F5ECF1C00F88F9B /* Resources */ = {
			isa = PBXResourcesBuildPhase;
			buildActionMask = 2147483647;
			files = (
				5BF957091F5ECF1C00F88F9B /* Assets.xcassets in Resources */,
			);
			runOnlyForDeploymentPostprocessing = 0;
		};
		5BF9571B1F5ECF1D00F88F9B /* Resources */ = {
			isa = PBXResourcesBuildPhase;
			buildActionMask = 2147483647;
			files = (
			);
			runOnlyForDeploymentPostprocessing = 0;
		};
		6C5DF0D322C0E96600271501 /* Resources */ = {
			isa = PBXResourcesBuildPhase;
			buildActionMask = 2147483647;
			files = (
			);
			runOnlyForDeploymentPostprocessing = 0;
		};
/* End PBXResourcesBuildPhase section */

/* Begin PBXShellScriptBuildPhase section */
		6C5DF0AA22C0E96600271501 /* ShellScript */ = {
			isa = PBXShellScriptBuildPhase;
			buildActionMask = 2147483647;
			files = (
			);
			inputPaths = (
			);
			outputPaths = (
			);
			runOnlyForDeploymentPostprocessing = 0;
			shellPath = /bin/sh;
			shellScript = "if which swiftlint >/dev/null; then\n    #swiftlint autocorrect\n    echo \"Hi\"\nelse\n    echo \"warning: SwiftLint not installed, download from https://github.com/realm/SwiftLint\"\nfi\n";
		};
		9C30BA1B239EA7280046008F /* ShellScript */ = {
			isa = PBXShellScriptBuildPhase;
			buildActionMask = 2147483647;
			files = (
			);
			inputFileListPaths = (
			);
			inputPaths = (
			);
			outputFileListPaths = (
			);
			outputPaths = (
			);
			runOnlyForDeploymentPostprocessing = 0;
			shellPath = /bin/sh;
			shellScript = "if which swiftlint >/dev/null; then\n    swiftlint autocorrect\n    echo \"Hi\"\nelse\n    echo \"warning: SwiftLint not installed, download from https://github.com/realm/SwiftLint\"\nfi\n";
		};
		D3405D511F4C7CB700A1987F /* ShellScript */ = {
			isa = PBXShellScriptBuildPhase;
			buildActionMask = 2147483647;
			files = (
			);
			inputPaths = (
			);
			outputPaths = (
			);
			runOnlyForDeploymentPostprocessing = 0;
			shellPath = /bin/sh;
			shellScript = "if which swiftlint >/dev/null; then\n    swiftlint autocorrect\n    echo \"Hi\"\nelse\n    echo \"warning: SwiftLint not installed, download from https://github.com/realm/SwiftLint\"\nfi\n";
		};
/* End PBXShellScriptBuildPhase section */

/* Begin PBXSourcesBuildPhase section */
		5B3641831DBFA4650034EF68 /* Sources */ = {
			isa = PBXSourcesBuildPhase;
			buildActionMask = 2147483647;
			files = (
				5BA6AB00226F42BA00FBB047 /* Entry.swift in Sources */,
				D32E659320D15A5C00698F3E /* WebLogger.swift in Sources */,
				D32E65A620D15A7100698F3E /* URLRequest+logDescription.swift in Sources */,
				5BA6AB02226F42BA00FBB047 /* Data+Serialization.swift in Sources */,
				D32E65A420D15A7100698F3E /* JSONSerializable.swift in Sources */,
				5B3641A51DBFACF90034EF68 /* Logging.swift in Sources */,
				5BEBBB191DC9EAC20055E453 /* DateExtension.swift in Sources */,
				D32E65A120D15A7100698F3E /* HTTPURLResponse+logDescription.swift in Sources */,
				5BA6AAFE226F42BA00FBB047 /* Data+Compression.swift in Sources */,
				D32E659E20D15A7100698F3E /* JSONParser.swift in Sources */,
				5BDA79CD1DBFB6CF00930ABA /* ConsoleLogger.swift in Sources */,
				D32E659F20D15A7100698F3E /* ApiFactory.swift in Sources */,
				5B16551B1EE585E0000D4652 /* SystemLogger.swift in Sources */,
				D32E65A520D15A7100698F3E /* ApiError.swift in Sources */,
				D32E65A720D15A7100698F3E /* JSONParseable.swift in Sources */,
				5B2782521DC9F72A00525431 /* FileLogger.swift in Sources */,
				5BA6AB06226F42BA00FBB047 /* FileManager+ZIP.swift in Sources */,
				5BF451381FF568A500E18215 /* ApplicationCallbackLogger.swift in Sources */,
				5BA6AB08226F42BA00FBB047 /* Archive.swift in Sources */,
				5B3641A71DBFAD5D0034EF68 /* LogManager.swift in Sources */,
				D32E65A220D15A7100698F3E /* WebLoggerApi.swift in Sources */,
				5BA3645B1DD0EC160017F9EB /* FileLoggerTableViewDatasource.swift in Sources */,
				5BA6AAFC226F42BA00FBB047 /* Archive+Writing.swift in Sources */,
				D3405D501F4C494200A1987F /* DateHelper.swift in Sources */,
				5B35E35E1DC0C87300C7E679 /* FileLoggerManager.swift in Sources */,
				5BA6AB04226F42BA00FBB047 /* Archive+Reading.swift in Sources */,
				5B3641A31DBFAC810034EF68 /* Level.swift in Sources */,
				5BAF4F241DC8DA35000379A4 /* QuantiLoggerConstants.swift in Sources */,
				D32E65A020D15A7100698F3E /* BaseApi.swift in Sources */,
				5B1E989E20974F9000855C80 /* MetaInformationLogger.swift in Sources */,
				5BFA877F1DD1F6B40063CB73 /* FileLoggerTableViewCell.swift in Sources */,
				6C07CA8522CA6C740009203A /* LogFilesViaMailViewController.swift in Sources */,
				D32E65A320D15A7100698F3E /* HttpMethod.swift in Sources */,
				5BA3645D1DD0EDD10017F9EB /* LogFileRecord.swift in Sources */,
			);
			runOnlyForDeploymentPostprocessing = 0;
		};
		5B36418D1DBFA4650034EF68 /* Sources */ = {
			isa = PBXSourcesBuildPhase;
			buildActionMask = 2147483647;
			files = (
				D3A03D141F4AD5D300B0F50C /* QuantiLoggerPerformanceTests.swift in Sources */,
				5B3641971DBFA4650034EF68 /* QuantiLoggerTests.swift in Sources */,
			);
			runOnlyForDeploymentPostprocessing = 0;
		};
		5BF956FB1F5ECF1C00F88F9B /* Sources */ = {
			isa = PBXSourcesBuildPhase;
			buildActionMask = 2147483647;
			files = (
				5BF9573D1F5ED38500F88F9B /* LogManager.swift in Sources */,
				5BA6AB05226F42BA00FBB047 /* Archive+Reading.swift in Sources */,
				5BF957451F5ED3A100F88F9B /* FileLoggerManager.swift in Sources */,
				5BF957311F5ED1E100F88F9B /* LogListTableViewController.swift in Sources */,
				5BF957431F5ED39C00F88F9B /* FileLoggerTableViewDatasource.swift in Sources */,
				5BF9573A1F5ED37900F88F9B /* DateExtension.swift in Sources */,
				5BF9573F1F5ED38D00F88F9B /* Logging.swift in Sources */,
				5B1E989F20976BD800855C80 /* MetaInformationLogger.swift in Sources */,
				5BA6AAFF226F42BA00FBB047 /* Data+Compression.swift in Sources */,
				5BF957391F5ED37500F88F9B /* QuantiLoggerConstants.swift in Sources */,
				5BA6AB07226F42BA00FBB047 /* FileManager+ZIP.swift in Sources */,
				5BF9572F1F5ED18D00F88F9B /* MainTabBarController.swift in Sources */,
				5BF957021F5ECF1C00F88F9B /* AppDelegate.swift in Sources */,
				5BF957441F5ED39E00F88F9B /* FileLoggerTableViewCell.swift in Sources */,
				5BF957481F5ED3AA00F88F9B /* ConsoleLogger.swift in Sources */,
				6CF70E3922CB6AA60058D080 /* LogFilesViaMailViewController.swift in Sources */,
				5BF9573B1F5ED37B00F88F9B /* DateHelper.swift in Sources */,
				5B6B33441FF847C800CB106D /* ApplicationCallbackLogger.swift in Sources */,
				5BA6AB01226F42BA00FBB047 /* Entry.swift in Sources */,
				5BA6AB09226F42BA00FBB047 /* Archive.swift in Sources */,
				5BF957411F5ED39400F88F9B /* SystemLogger.swift in Sources */,
				5BF957461F5ED3A400F88F9B /* FileLogger.swift in Sources */,
				5BA6AAFD226F42BA00FBB047 /* Archive+Writing.swift in Sources */,
				5BF9573C1F5ED38300F88F9B /* Level.swift in Sources */,
				5BF957331F5ED1F500F88F9B /* SendLogFilesViaMailViewController.swift in Sources */,
				5BA6AB03226F42BA00FBB047 /* Data+Serialization.swift in Sources */,
				5BF957471F5ED3A700F88F9B /* LogFileRecord.swift in Sources */,
			);
			runOnlyForDeploymentPostprocessing = 0;
		};
		5BF957191F5ECF1D00F88F9B /* Sources */ = {
			isa = PBXSourcesBuildPhase;
			buildActionMask = 2147483647;
			files = (
				5BF957221F5ECF1D00F88F9B /* QuantiLoggerExampleUITests.swift in Sources */,
			);
			runOnlyForDeploymentPostprocessing = 0;
		};
		6C5DF0AB22C0E96600271501 /* Sources */ = {
			isa = PBXSourcesBuildPhase;
			buildActionMask = 2147483647;
			files = (
				6C5DF0AC22C0E96600271501 /* Entry.swift in Sources */,
				6C5DF0AD22C0E96600271501 /* WebLogger.swift in Sources */,
				6C5DF0AE22C0E96600271501 /* URLRequest+logDescription.swift in Sources */,
				6C5DF0AF22C0E96600271501 /* Data+Serialization.swift in Sources */,
				6C5DF0B022C0E96600271501 /* JSONSerializable.swift in Sources */,
				6C5DF0DD22C0EED600271501 /* ApplicationCallbackLogger.swift in Sources */,
				6C5DF0B122C0E96600271501 /* Logging.swift in Sources */,
				6C5DF0B222C0E96600271501 /* DateExtension.swift in Sources */,
				6C5DF0B322C0E96600271501 /* HTTPURLResponse+logDescription.swift in Sources */,
				6C5DF0B422C0E96600271501 /* Data+Compression.swift in Sources */,
				6C5DF0B522C0E96600271501 /* JSONParser.swift in Sources */,
				6C5DF0B622C0E96600271501 /* ConsoleLogger.swift in Sources */,
				6C5DF0B722C0E96600271501 /* ApiFactory.swift in Sources */,
				6C5DF0B822C0E96600271501 /* SystemLogger.swift in Sources */,
				6C5DF0B922C0E96600271501 /* ApiError.swift in Sources */,
				6C5DF0BA22C0E96600271501 /* JSONParseable.swift in Sources */,
				6C5DF0BB22C0E96600271501 /* FileLogger.swift in Sources */,
				6C5DF0BC22C0E96600271501 /* FileManager+ZIP.swift in Sources */,
				6C5DF0BE22C0E96600271501 /* Archive.swift in Sources */,
				6C5DF0BF22C0E96600271501 /* LogManager.swift in Sources */,
				6C5DF0C022C0E96600271501 /* WebLoggerApi.swift in Sources */,
				6C5DF0C222C0E96600271501 /* Archive+Writing.swift in Sources */,
				6C5DF0C322C0E96600271501 /* DateHelper.swift in Sources */,
				6C5DF0C422C0E96600271501 /* FileLoggerManager.swift in Sources */,
				6C5DF0C522C0E96600271501 /* Archive+Reading.swift in Sources */,
				6C5DF0C622C0E96600271501 /* Level.swift in Sources */,
				6C5DF0C722C0E96600271501 /* QuantiLoggerConstants.swift in Sources */,
				6C5DF0C822C0E96600271501 /* BaseApi.swift in Sources */,
				6C5DF0CA22C0E96600271501 /* MetaInformationLogger.swift in Sources */,
				6C5DF0CC22C0E96600271501 /* HttpMethod.swift in Sources */,
				6C5DF0CD22C0E96600271501 /* LogFileRecord.swift in Sources */,
			);
			runOnlyForDeploymentPostprocessing = 0;
		};
/* End PBXSourcesBuildPhase section */

/* Begin PBXTargetDependency section */
		5B3641941DBFA4650034EF68 /* PBXTargetDependency */ = {
			isa = PBXTargetDependency;
			target = 5B3641871DBFA4650034EF68 /* QuantiLogger */;
			targetProxy = 5B3641931DBFA4650034EF68 /* PBXContainerItemProxy */;
		};
		5BF9571F1F5ECF1D00F88F9B /* PBXTargetDependency */ = {
			isa = PBXTargetDependency;
			target = 5BF956FE1F5ECF1C00F88F9B /* QuantiLoggerExample */;
			targetProxy = 5BF9571E1F5ECF1D00F88F9B /* PBXContainerItemProxy */;
		};
/* End PBXTargetDependency section */

/* Begin XCBuildConfiguration section */
		5B36419A1DBFA4650034EF68 /* Debug */ = {
			isa = XCBuildConfiguration;
			buildSettings = {
				ALWAYS_SEARCH_USER_PATHS = NO;
				B = "";
				CLANG_ANALYZER_NONNULL = YES;
				CLANG_CXX_LANGUAGE_STANDARD = "gnu++0x";
				CLANG_CXX_LIBRARY = "libc++";
				CLANG_ENABLE_MODULES = YES;
				CLANG_ENABLE_OBJC_ARC = YES;
				CLANG_WARN_BLOCK_CAPTURE_AUTORELEASING = YES;
				CLANG_WARN_BOOL_CONVERSION = YES;
				CLANG_WARN_COMMA = YES;
				CLANG_WARN_CONSTANT_CONVERSION = YES;
				CLANG_WARN_DEPRECATED_OBJC_IMPLEMENTATIONS = YES;
				CLANG_WARN_DIRECT_OBJC_ISA_USAGE = YES_ERROR;
				CLANG_WARN_DOCUMENTATION_COMMENTS = YES;
				CLANG_WARN_EMPTY_BODY = YES;
				CLANG_WARN_ENUM_CONVERSION = YES;
				CLANG_WARN_INFINITE_RECURSION = YES;
				CLANG_WARN_INT_CONVERSION = YES;
				CLANG_WARN_NON_LITERAL_NULL_CONVERSION = YES;
				CLANG_WARN_OBJC_IMPLICIT_RETAIN_SELF = YES;
				CLANG_WARN_OBJC_LITERAL_CONVERSION = YES;
				CLANG_WARN_OBJC_ROOT_CLASS = YES_ERROR;
				CLANG_WARN_RANGE_LOOP_ANALYSIS = YES;
				CLANG_WARN_STRICT_PROTOTYPES = YES;
				CLANG_WARN_SUSPICIOUS_MOVE = YES;
				CLANG_WARN_SUSPICIOUS_MOVES = YES;
				CLANG_WARN_UNREACHABLE_CODE = YES;
				CLANG_WARN__DUPLICATE_METHOD_MATCH = YES;
				"CODE_SIGN_IDENTITY[sdk=iphoneos*]" = "iPhone Developer";
				COPY_PHASE_STRIP = NO;
				CURRENT_PROJECT_VERSION = 1;
				DEBUG_INFORMATION_FORMAT = dwarf;
				ENABLE_STRICT_OBJC_MSGSEND = YES;
				ENABLE_TESTABILITY = YES;
				GCC_C_LANGUAGE_STANDARD = gnu99;
				GCC_DYNAMIC_NO_PIC = NO;
				GCC_NO_COMMON_BLOCKS = YES;
				GCC_OPTIMIZATION_LEVEL = 0;
				GCC_PREPROCESSOR_DEFINITIONS = (
					"DEBUG=1",
					"$(inherited)",
				);
				GCC_WARN_64_TO_32_BIT_CONVERSION = YES;
				GCC_WARN_ABOUT_RETURN_TYPE = YES_ERROR;
				GCC_WARN_UNDECLARED_SELECTOR = YES;
				GCC_WARN_UNINITIALIZED_AUTOS = YES_AGGRESSIVE;
				GCC_WARN_UNUSED_FUNCTION = YES;
				GCC_WARN_UNUSED_VARIABLE = YES;
				IPHONEOS_DEPLOYMENT_TARGET = 10.0;
				MTL_ENABLE_DEBUG_INFO = YES;
				ONLY_ACTIVE_ARCH = YES;
				SDKROOT = iphoneos;
				SWIFT_ACTIVE_COMPILATION_CONDITIONS = DEBUG;
				SWIFT_OPTIMIZATION_LEVEL = "-Onone";
				TARGETED_DEVICE_FAMILY = "1,2";
				VALID_ARCHS = "arm64 armv7 armv7s x86_64 i386";
				VERSIONING_SYSTEM = "apple-generic";
				VERSION_INFO_PREFIX = "";
			};
			name = Debug;
		};
		5B36419B1DBFA4650034EF68 /* Release */ = {
			isa = XCBuildConfiguration;
			buildSettings = {
				ALWAYS_SEARCH_USER_PATHS = NO;
				B = "";
				CLANG_ANALYZER_NONNULL = YES;
				CLANG_CXX_LANGUAGE_STANDARD = "gnu++0x";
				CLANG_CXX_LIBRARY = "libc++";
				CLANG_ENABLE_MODULES = YES;
				CLANG_ENABLE_OBJC_ARC = YES;
				CLANG_WARN_BLOCK_CAPTURE_AUTORELEASING = YES;
				CLANG_WARN_BOOL_CONVERSION = YES;
				CLANG_WARN_COMMA = YES;
				CLANG_WARN_CONSTANT_CONVERSION = YES;
				CLANG_WARN_DEPRECATED_OBJC_IMPLEMENTATIONS = YES;
				CLANG_WARN_DIRECT_OBJC_ISA_USAGE = YES_ERROR;
				CLANG_WARN_DOCUMENTATION_COMMENTS = YES;
				CLANG_WARN_EMPTY_BODY = YES;
				CLANG_WARN_ENUM_CONVERSION = YES;
				CLANG_WARN_INFINITE_RECURSION = YES;
				CLANG_WARN_INT_CONVERSION = YES;
				CLANG_WARN_NON_LITERAL_NULL_CONVERSION = YES;
				CLANG_WARN_OBJC_IMPLICIT_RETAIN_SELF = YES;
				CLANG_WARN_OBJC_LITERAL_CONVERSION = YES;
				CLANG_WARN_OBJC_ROOT_CLASS = YES_ERROR;
				CLANG_WARN_RANGE_LOOP_ANALYSIS = YES;
				CLANG_WARN_STRICT_PROTOTYPES = YES;
				CLANG_WARN_SUSPICIOUS_MOVE = YES;
				CLANG_WARN_SUSPICIOUS_MOVES = YES;
				CLANG_WARN_UNREACHABLE_CODE = YES;
				CLANG_WARN__DUPLICATE_METHOD_MATCH = YES;
				"CODE_SIGN_IDENTITY[sdk=iphoneos*]" = "iPhone Developer";
				COPY_PHASE_STRIP = NO;
				CURRENT_PROJECT_VERSION = 1;
				DEBUG_INFORMATION_FORMAT = "dwarf-with-dsym";
				ENABLE_NS_ASSERTIONS = NO;
				ENABLE_STRICT_OBJC_MSGSEND = YES;
				GCC_C_LANGUAGE_STANDARD = gnu99;
				GCC_NO_COMMON_BLOCKS = YES;
				GCC_WARN_64_TO_32_BIT_CONVERSION = YES;
				GCC_WARN_ABOUT_RETURN_TYPE = YES_ERROR;
				GCC_WARN_UNDECLARED_SELECTOR = YES;
				GCC_WARN_UNINITIALIZED_AUTOS = YES_AGGRESSIVE;
				GCC_WARN_UNUSED_FUNCTION = YES;
				GCC_WARN_UNUSED_VARIABLE = YES;
				IPHONEOS_DEPLOYMENT_TARGET = 10.0;
				MTL_ENABLE_DEBUG_INFO = NO;
				SDKROOT = iphoneos;
				SWIFT_COMPILATION_MODE = wholemodule;
				SWIFT_OPTIMIZATION_LEVEL = "-O";
				TARGETED_DEVICE_FAMILY = "1,2";
				VALIDATE_PRODUCT = YES;
				VALID_ARCHS = "arm64 armv7 armv7s x86_64 i386";
				VERSIONING_SYSTEM = "apple-generic";
				VERSION_INFO_PREFIX = "";
			};
			name = Release;
		};
		5B36419D1DBFA4650034EF68 /* Debug */ = {
			isa = XCBuildConfiguration;
			buildSettings = {
				BUILD_LIBRARY_FOR_DISTRIBUTION = YES;
				CLANG_ENABLE_MODULES = YES;
				CODE_SIGN_IDENTITY = "";
				"CODE_SIGN_IDENTITY[sdk=iphoneos*]" = "";
				DEFINES_MODULE = YES;
				DEVELOPMENT_TEAM = 97DXWGRCGZ;
				DYLIB_COMPATIBILITY_VERSION = 1;
				DYLIB_CURRENT_VERSION = 1;
				DYLIB_INSTALL_NAME_BASE = "@rpath";
				FRAMEWORK_SEARCH_PATHS = (
					"$(PROJECT_DIR)/Carthage/Build/iOS",
					"$(PROJECT_DIR)/Carthage/Build/Mac",
				);
				INFOPLIST_FILE = QuantiLogger/ios/Info.plist;
				INSTALL_PATH = "$(LOCAL_LIBRARY_DIR)/Frameworks";
				LD_RUNPATH_SEARCH_PATHS = (
					"$(inherited)",
					"@executable_path/Frameworks",
					"@loader_path/Frameworks",
				);
				ONLY_ACTIVE_ARCH = NO;
				PRODUCT_BUNDLE_IDENTIFIER = com.quanti.swift.QuantiLogger;
				PRODUCT_NAME = "$(TARGET_NAME)";
				PROVISIONING_PROFILE_SPECIFIER = "";
				SKIP_INSTALL = YES;
				SWIFT_INCLUDE_PATHS = "${SRCROOT}/Zip/minizip/**";
				SWIFT_OPTIMIZATION_LEVEL = "-Onone";
				SWIFT_VERSION = 5.0;
			};
			name = Debug;
		};
		5B36419E1DBFA4650034EF68 /* Release */ = {
			isa = XCBuildConfiguration;
			buildSettings = {
				BUILD_LIBRARY_FOR_DISTRIBUTION = YES;
				CLANG_ENABLE_MODULES = YES;
				CODE_SIGN_IDENTITY = "";
				"CODE_SIGN_IDENTITY[sdk=iphoneos*]" = "";
				DEFINES_MODULE = YES;
				DEVELOPMENT_TEAM = 97DXWGRCGZ;
				DYLIB_COMPATIBILITY_VERSION = 1;
				DYLIB_CURRENT_VERSION = 1;
				DYLIB_INSTALL_NAME_BASE = "@rpath";
				FRAMEWORK_SEARCH_PATHS = (
					"$(PROJECT_DIR)/Carthage/Build/iOS",
					"$(PROJECT_DIR)/Carthage/Build/Mac",
				);
				INFOPLIST_FILE = QuantiLogger/ios/Info.plist;
				INSTALL_PATH = "$(LOCAL_LIBRARY_DIR)/Frameworks";
				LD_RUNPATH_SEARCH_PATHS = (
					"$(inherited)",
					"@executable_path/Frameworks",
					"@loader_path/Frameworks",
				);
				PRODUCT_BUNDLE_IDENTIFIER = com.quanti.swift.QuantiLogger;
				PRODUCT_NAME = "$(TARGET_NAME)";
				PROVISIONING_PROFILE_SPECIFIER = "";
				SKIP_INSTALL = YES;
				SWIFT_INCLUDE_PATHS = "${SRCROOT}/Zip/minizip/**";
				SWIFT_VERSION = 5.0;
			};
			name = Release;
		};
		5B3641A01DBFA4650034EF68 /* Debug */ = {
			isa = XCBuildConfiguration;
			buildSettings = {
				ALWAYS_EMBED_SWIFT_STANDARD_LIBRARIES = YES;
				DEVELOPMENT_TEAM = 2PY9RKK8A7;
				FRAMEWORK_SEARCH_PATHS = (
					"$(PROJECT_DIR)/Carthage/Build/iOS/",
					"$(PROJECT_DIR)/Carthage/Build/iOS",
				);
				INFOPLIST_FILE = QuantiLoggerTests/Info.plist;
				LD_RUNPATH_SEARCH_PATHS = (
					"$(inherited)",
					"@executable_path/Frameworks",
					"@loader_path/Frameworks",
					"$(FRAMEWORK_SEARCH_PATHS)",
				);
				PRODUCT_BUNDLE_IDENTIFIER = com.quanti.swift.QuantiLoggerTests;
				PRODUCT_NAME = "$(TARGET_NAME)";
				SWIFT_VERSION = 5.0;
			};
			name = Debug;
		};
		5B3641A11DBFA4650034EF68 /* Release */ = {
			isa = XCBuildConfiguration;
			buildSettings = {
				ALWAYS_EMBED_SWIFT_STANDARD_LIBRARIES = YES;
				DEVELOPMENT_TEAM = 2PY9RKK8A7;
				FRAMEWORK_SEARCH_PATHS = (
					"$(PROJECT_DIR)/Carthage/Build/iOS/",
					"$(PROJECT_DIR)/Carthage/Build/iOS",
				);
				INFOPLIST_FILE = QuantiLoggerTests/Info.plist;
				LD_RUNPATH_SEARCH_PATHS = (
					"$(inherited)",
					"@executable_path/Frameworks",
					"@loader_path/Frameworks",
					"$(FRAMEWORK_SEARCH_PATHS)",
				);
				PRODUCT_BUNDLE_IDENTIFIER = com.quanti.swift.QuantiLoggerTests;
				PRODUCT_NAME = "$(TARGET_NAME)";
				SWIFT_VERSION = 5.0;
			};
			name = Release;
		};
		5BF957251F5ECF1D00F88F9B /* Debug */ = {
			isa = XCBuildConfiguration;
			buildSettings = {
				ASSETCATALOG_COMPILER_APPICON_NAME = AppIcon;
				CLANG_ANALYZER_NUMBER_OBJECT_CONVERSION = YES_AGGRESSIVE;
				DEVELOPMENT_TEAM = 8JH59DJ45H;
				INFOPLIST_FILE = QuantiLoggerExample/Info.plist;
				IPHONEOS_DEPLOYMENT_TARGET = 10.3;
				LD_RUNPATH_SEARCH_PATHS = (
					"$(inherited)",
					"@executable_path/Frameworks",
				);
				PRODUCT_BUNDLE_IDENTIFIER = com.quanti.QuantiLoggerExample;
				PRODUCT_NAME = "$(TARGET_NAME)";
				SWIFT_SWIFT3_OBJC_INFERENCE = Default;
				SWIFT_VERSION = 5.0;
			};
			name = Debug;
		};
		5BF957261F5ECF1D00F88F9B /* Release */ = {
			isa = XCBuildConfiguration;
			buildSettings = {
				ASSETCATALOG_COMPILER_APPICON_NAME = AppIcon;
				CLANG_ANALYZER_NUMBER_OBJECT_CONVERSION = YES_AGGRESSIVE;
				DEVELOPMENT_TEAM = 8JH59DJ45H;
				INFOPLIST_FILE = QuantiLoggerExample/Info.plist;
				IPHONEOS_DEPLOYMENT_TARGET = 10.3;
				LD_RUNPATH_SEARCH_PATHS = (
					"$(inherited)",
					"@executable_path/Frameworks",
				);
				PRODUCT_BUNDLE_IDENTIFIER = com.quanti.QuantiLoggerExample;
				PRODUCT_NAME = "$(TARGET_NAME)";
				SWIFT_SWIFT3_OBJC_INFERENCE = Default;
				SWIFT_VERSION = 5.0;
			};
			name = Release;
		};
		5BF9572B1F5ECF1D00F88F9B /* Debug */ = {
			isa = XCBuildConfiguration;
			buildSettings = {
				ALWAYS_EMBED_SWIFT_STANDARD_LIBRARIES = YES;
				CLANG_ANALYZER_NUMBER_OBJECT_CONVERSION = YES_AGGRESSIVE;
				DEVELOPMENT_TEAM = 2PY9RKK8A7;
				FRAMEWORK_SEARCH_PATHS = (
					"$(inherited)",
					"$(PROJECT_DIR)/Carthage/Build/iOS",
				);
				INFOPLIST_FILE = QuantiLoggerExampleUITests/Info.plist;
				IPHONEOS_DEPLOYMENT_TARGET = 10.3;
				LD_RUNPATH_SEARCH_PATHS = (
					"$(inherited)",
					"@executable_path/Frameworks",
					"@loader_path/Frameworks",
				);
				PRODUCT_BUNDLE_IDENTIFIER = com.quanti.QuantiLoggerExampleUITests;
				PRODUCT_NAME = "$(TARGET_NAME)";
				SWIFT_VERSION = 5.0;
				TEST_TARGET_NAME = QuantiLoggerExample;
			};
			name = Debug;
		};
		5BF9572C1F5ECF1D00F88F9B /* Release */ = {
			isa = XCBuildConfiguration;
			buildSettings = {
				ALWAYS_EMBED_SWIFT_STANDARD_LIBRARIES = YES;
				CLANG_ANALYZER_NUMBER_OBJECT_CONVERSION = YES_AGGRESSIVE;
				DEVELOPMENT_TEAM = 2PY9RKK8A7;
				FRAMEWORK_SEARCH_PATHS = (
					"$(inherited)",
					"$(PROJECT_DIR)/Carthage/Build/iOS",
				);
				INFOPLIST_FILE = QuantiLoggerExampleUITests/Info.plist;
				IPHONEOS_DEPLOYMENT_TARGET = 10.3;
				LD_RUNPATH_SEARCH_PATHS = (
					"$(inherited)",
					"@executable_path/Frameworks",
					"@loader_path/Frameworks",
				);
				PRODUCT_BUNDLE_IDENTIFIER = com.quanti.QuantiLoggerExampleUITests;
				PRODUCT_NAME = "$(TARGET_NAME)";
				SWIFT_VERSION = 5.0;
				TEST_TARGET_NAME = QuantiLoggerExample;
			};
			name = Release;
		};
		6C5DF0D522C0E96600271501 /* Debug */ = {
			isa = XCBuildConfiguration;
			buildSettings = {
				BUILD_LIBRARY_FOR_DISTRIBUTION = YES;
				CLANG_ENABLE_MODULES = YES;
				CODE_SIGN_IDENTITY = "";
				"CODE_SIGN_IDENTITY[sdk=iphoneos*]" = "";
				DEFINES_MODULE = YES;
				DEVELOPMENT_TEAM = 97DXWGRCGZ;
				DYLIB_COMPATIBILITY_VERSION = 1;
				DYLIB_CURRENT_VERSION = 1;
				DYLIB_INSTALL_NAME_BASE = "@rpath";
				FRAMEWORK_SEARCH_PATHS = (
					"$(PROJECT_DIR)/Carthage/Build/Mac",
					"$(PROJECT_DIR)/Carthage/Build/iOS",
				);
				INFOPLIST_FILE = QuantiLogger/mac/InfoMac.plist;
				INSTALL_PATH = "$(LOCAL_LIBRARY_DIR)/Frameworks";
				LD_RUNPATH_SEARCH_PATHS = (
					"$(inherited)",
					"@executable_path/Frameworks",
					"@loader_path/Frameworks",
				);
				MACOSX_DEPLOYMENT_TARGET = 10.12;
				ONLY_ACTIVE_ARCH = NO;
				PRODUCT_BUNDLE_IDENTIFIER = com.quanti.swift.QuantiLoggerMac;
				PRODUCT_NAME = "$(TARGET_NAME)";
				PROVISIONING_PROFILE_SPECIFIER = "";
				SDKROOT = macosx;
				SKIP_INSTALL = YES;
				SWIFT_INCLUDE_PATHS = "${SRCROOT}/Zip/minizip/**";
				SWIFT_OPTIMIZATION_LEVEL = "-Onone";
				SWIFT_VERSION = 5.0;
			};
			name = Debug;
		};
		6C5DF0D622C0E96600271501 /* Release */ = {
			isa = XCBuildConfiguration;
			buildSettings = {
				BUILD_LIBRARY_FOR_DISTRIBUTION = YES;
				CLANG_ENABLE_MODULES = YES;
				CODE_SIGN_IDENTITY = "";
				"CODE_SIGN_IDENTITY[sdk=iphoneos*]" = "";
				DEFINES_MODULE = YES;
				DEVELOPMENT_TEAM = 97DXWGRCGZ;
				DYLIB_COMPATIBILITY_VERSION = 1;
				DYLIB_CURRENT_VERSION = 1;
				DYLIB_INSTALL_NAME_BASE = "@rpath";
				FRAMEWORK_SEARCH_PATHS = (
					"$(PROJECT_DIR)/Carthage/Build/Mac",
					"$(PROJECT_DIR)/Carthage/Build/iOS",
				);
				INFOPLIST_FILE = QuantiLogger/mac/InfoMac.plist;
				INSTALL_PATH = "$(LOCAL_LIBRARY_DIR)/Frameworks";
				LD_RUNPATH_SEARCH_PATHS = (
					"$(inherited)",
					"@executable_path/Frameworks",
					"@loader_path/Frameworks",
				);
				MACOSX_DEPLOYMENT_TARGET = 10.12;
				PRODUCT_BUNDLE_IDENTIFIER = com.quanti.swift.QuantiLoggerMac;
				PRODUCT_NAME = "$(TARGET_NAME)";
				PROVISIONING_PROFILE_SPECIFIER = "";
				SDKROOT = macosx;
				SKIP_INSTALL = YES;
				SWIFT_INCLUDE_PATHS = "${SRCROOT}/Zip/minizip/**";
				SWIFT_VERSION = 5.0;
			};
			name = Release;
		};
/* End XCBuildConfiguration section */

/* Begin XCConfigurationList section */
		5B3641821DBFA4640034EF68 /* Build configuration list for PBXProject "QuantiLogger" */ = {
			isa = XCConfigurationList;
			buildConfigurations = (
				5B36419A1DBFA4650034EF68 /* Debug */,
				5B36419B1DBFA4650034EF68 /* Release */,
			);
			defaultConfigurationIsVisible = 0;
			defaultConfigurationName = Release;
		};
		5B36419C1DBFA4650034EF68 /* Build configuration list for PBXNativeTarget "QuantiLogger" */ = {
			isa = XCConfigurationList;
			buildConfigurations = (
				5B36419D1DBFA4650034EF68 /* Debug */,
				5B36419E1DBFA4650034EF68 /* Release */,
			);
			defaultConfigurationIsVisible = 0;
			defaultConfigurationName = Release;
		};
		5B36419F1DBFA4650034EF68 /* Build configuration list for PBXNativeTarget "QuantiLoggerTests" */ = {
			isa = XCConfigurationList;
			buildConfigurations = (
				5B3641A01DBFA4650034EF68 /* Debug */,
				5B3641A11DBFA4650034EF68 /* Release */,
			);
			defaultConfigurationIsVisible = 0;
			defaultConfigurationName = Release;
		};
		5BF957241F5ECF1D00F88F9B /* Build configuration list for PBXNativeTarget "QuantiLoggerExample" */ = {
			isa = XCConfigurationList;
			buildConfigurations = (
				5BF957251F5ECF1D00F88F9B /* Debug */,
				5BF957261F5ECF1D00F88F9B /* Release */,
			);
			defaultConfigurationIsVisible = 0;
			defaultConfigurationName = Release;
		};
		5BF9572A1F5ECF1D00F88F9B /* Build configuration list for PBXNativeTarget "QuantiLoggerExampleUITests" */ = {
			isa = XCConfigurationList;
			buildConfigurations = (
				5BF9572B1F5ECF1D00F88F9B /* Debug */,
				5BF9572C1F5ECF1D00F88F9B /* Release */,
			);
			defaultConfigurationIsVisible = 0;
			defaultConfigurationName = Release;
		};
		6C5DF0D422C0E96600271501 /* Build configuration list for PBXNativeTarget "QuantiLoggerMac" */ = {
			isa = XCConfigurationList;
			buildConfigurations = (
				6C5DF0D522C0E96600271501 /* Debug */,
				6C5DF0D622C0E96600271501 /* Release */,
			);
			defaultConfigurationIsVisible = 0;
			defaultConfigurationName = Release;
		};
/* End XCConfigurationList section */
	};
	rootObject = 5B36417F1DBFA4640034EF68 /* Project object */;
}
